<?xml version="1.0" encoding="utf-8"?>
<Project ToolsVersion="4.0" xmlns="http://schemas.microsoft.com/developer/msbuild/2003">
  <ItemGroup>
    <Filter Include="Исходные файлы">
      <UniqueIdentifier>{4FC737F1-C7A5-4376-A066-2A32D752A2FF}</UniqueIdentifier>
      <Extensions>cpp;c;cc;cxx;c++;cppm;ixx;def;odl;idl;hpj;bat;asm;asmx</Extensions>
    </Filter>
    <Filter Include="Файлы заголовков">
      <UniqueIdentifier>{93995380-89BD-4b04-88EB-625FBE52EBFB}</UniqueIdentifier>
      <Extensions>h;hh;hpp;hxx;h++;hm;inl;inc;ipp;xsd</Extensions>
    </Filter>
    <Filter Include="Файлы ресурсов">
      <UniqueIdentifier>{67DA6AB6-F800-4c08-8B7A-83BB121AAD01}</UniqueIdentifier>
      <Extensions>rc;ico;cur;bmp;dlg;rc2;rct;bin;rgs;gif;jpg;jpeg;jpe;resx;tiff;tif;png;wav;mfcribbon-ms</Extensions>
    </Filter>
    <Filter Include="Product">
      <UniqueIdentifier>{649aca89-1539-4567-a264-f30ae4da385c}</UniqueIdentifier>
    </Filter>
    <Filter Include="Functions">
      <UniqueIdentifier>{563b6dc9-40da-41f8-964f-02be74684212}</UniqueIdentifier>
    </Filter>
    <Filter Include="FileWrite">
      <UniqueIdentifier>{30b42b36-74ff-4ddd-931c-f7cb1e5968c7}</UniqueIdentifier>
    </Filter>
    <Filter Include="Result">
      <UniqueIdentifier>{6182885d-193e-4e39-9843-6fcabad4a9ac}</UniqueIdentifier>
    </Filter>
  </ItemGroup>
  <ItemGroup>
    <ClCompile Include="main.cpp">
      <Filter>Исходные файлы</Filter>
    </ClCompile>
    <ClCompile Include="Product.cpp">
      <Filter>Product</Filter>
    </ClCompile>
    <ClCompile Include="Functions.cpp">
      <Filter>Functions</Filter>
    </ClCompile>
    <ClCompile Include="FileWrite.cpp">
      <Filter>FileWrite</Filter>
    </ClCompile>
    <ClCompile Include="Result.cpp">
      <Filter>Result</Filter>
    </ClCompile>
  </ItemGroup>
  <ItemGroup>
    <ClInclude Include="Product.h">
      <Filter>Product</Filter>
    </ClInclude>
    <ClInclude Include="Functions.h">
      <Filter>Functions</Filter>
    </ClInclude>
    <ClInclude Include="FileWrite.h">
      <Filter>FileWrite</Filter>
    </ClInclude>
    <ClInclude Include="Result.h">
      <Filter>Result</Filter>
    </ClInclude>
  </ItemGroup>
</Project>