
Microsoft Visual Studio Solution File, Format Version 12.00
# Visual Studio Version 16
VisualStudioVersion = 16.0.31624.102
MinimumVisualStudioVersion = 10.0.40219.1
Project("{8BC9CEB8-8B4A-11D0-8D11-00A0C91BC942}") = "1", "1\1.vcxproj", "{F1397B83-A92B-48C0-83EB-75370A71AD70}"
EndProject
Project("{8BC9CEB8-8B4A-11D0-8D11-00A0C91BC942}") = "2", "2\2.vcxproj", "{4853155A-2842-43D7-8570-91A48B864710}"
EndProject
Project("{8BC9CEB8-8B4A-11D0-8D11-00A0C91BC942}") = "3.1", "3.1\3.1.vcxproj", "{87A07D09-AF97-4A91-BB2C-715F018512CE}"
EndProject
Project("{8BC9CEB8-8B4A-11D0-8D11-00A0C91BC942}") = "3.2", "3.2\3.2.vcxproj", "{52D50D74-D3A5-440F-93C7-8C789F523E6B}"
EndProject
Project("{8BC9CEB8-8B4A-11D0-8D11-00A0C91BC942}") = "3.3", "3.3\3.3.vcxproj", "{FA0786A6-20FA-41D9-8C73-04B034C0719A}"
EndProject
Project("{8BC9CEB8-8B4A-11D0-8D11-00A0C91BC942}") = "add1", "add1\add1.vcxproj", "{A48952C4-EDE9-4FFD-8174-466FFC1D2A6D}"
EndProject
Project("{8BC9CEB8-8B4A-11D0-8D11-00A0C91BC942}") = "add2.1", "add2.1\add2.1.vcxproj", "{20B492AF-A92D-439A-B0EE-F42A1E287B93}"
EndProject
Project("{8BC9CEB8-8B4A-11D0-8D11-00A0C91BC942}") = "add2.2", "add2.2\add2.2.vcxproj", "{EDDECD83-BE8E-4E30-8570-FE75DAE0407C}"
EndProject
Project("{8BC9CEB8-8B4A-11D0-8D11-00A0C91BC942}") = "add3", "add3\add3.vcxproj", "{0AFF4D2E-5805-4E7A-AF26-5F4DA4339DF1}"
EndProject
Project("{8BC9CEB8-8B4A-11D0-8D11-00A0C91BC942}") = "Dynamic3.2", "dll3.2\dll3.2.vcxproj", "{B6FC7C3C-77AF-4A09-9757-8790F6BE7521}"
EndProject
Project("{2150E333-8FDC-42A3-9474-1A3956D46DE8}") = "Library", "Library", "{6C4BD728-AD7C-4401-8FA3-DF97ED3C8998}"
EndProject
Project("{8BC9CEB8-8B4A-11D0-8D11-00A0C91BC942}") = "Input", "Input\Input.vcxproj", "{6579B5B7-E4AD-436D-961C-9A7BB8CE899D}"
EndProject
Project("{2150E333-8FDC-42A3-9474-1A3956D46DE8}") = "Task", "Task", "{1C87A160-B901-4482-B1D8-57DA770D8118}"
EndProject
Project("{2150E333-8FDC-42A3-9474-1A3956D46DE8}") = "Test", "Test", "{FCF4B2B6-1466-4CE1-8264-81C55F19D543}"
EndProject
Project("{8BC9CEB8-8B4A-11D0-8D11-00A0C91BC942}") = "Saddle", "Saddle\Saddle.vcxproj", "{F2C5B53A-13DD-4863-BA34-5512957FCA98}"
EndProject
Project("{8BC9CEB8-8B4A-11D0-8D11-00A0C91BC942}") = "1_T", "1_T\1_T.vcxproj", "{F36A4656-BA56-4930-A9CF-02FE3D44EDC9}"
EndProject
Project("{8BC9CEB8-8B4A-11D0-8D11-00A0C91BC942}") = "2_T", "2_T\2_T.vcxproj", "{04E09248-E5C3-40A6-B1B3-248B6D42D202}"
EndProject
Project("{8BC9CEB8-8B4A-11D0-8D11-00A0C91BC942}") = "3.1_T", "3_T\3_T.vcxproj", "{2AB6176B-6C2D-41F1-84B0-DAA71E9A5821}"
EndProject
Project("{8BC9CEB8-8B4A-11D0-8D11-00A0C91BC942}") = "3.2_T", "3.2_T\3.2_T.vcxproj", "{A4694FC1-6486-4FC6-A34E-E700BC7C37AB}"
EndProject
Project("{8BC9CEB8-8B4A-11D0-8D11-00A0C91BC942}") = "3.3_T", "3.3_T\3.3_T.vcxproj", "{3CFF082E-FBF5-4860-B508-F2A6E159340F}"
EndProject
Project("{8BC9CEB8-8B4A-11D0-8D11-00A0C91BC942}") = "add1_T", "add1_T\add1_T.vcxproj", "{22F5CBB5-4307-479E-96A5-5E7DB1764EEF}"
EndProject
Project("{8BC9CEB8-8B4A-11D0-8D11-00A0C91BC942}") = "add3_T", "add3_T\add3_T.vcxproj", "{488E143E-BDF9-4C2B-BDC5-D9BF35698339}"
EndProject
Project("{8BC9CEB8-8B4A-11D0-8D11-00A0C91BC942}") = "add2_T", "add2_T\add2_T.vcxproj", "{8605918A-F19C-45BF-8673-6474D485A7A1}"
EndProject
Global
	GlobalSection(SolutionConfigurationPlatforms) = preSolution
		Debug|x64 = Debug|x64
		Debug|x86 = Debug|x86
		Release|x64 = Release|x64
		Release|x86 = Release|x86
	EndGlobalSection
	GlobalSection(ProjectConfigurationPlatforms) = postSolution
		{F1397B83-A92B-48C0-83EB-75370A71AD70}.Debug|x64.ActiveCfg = Debug|x64
		{F1397B83-A92B-48C0-83EB-75370A71AD70}.Debug|x64.Build.0 = Debug|x64
		{F1397B83-A92B-48C0-83EB-75370A71AD70}.Debug|x86.ActiveCfg = Debug|Win32
		{F1397B83-A92B-48C0-83EB-75370A71AD70}.Debug|x86.Build.0 = Debug|Win32
		{F1397B83-A92B-48C0-83EB-75370A71AD70}.Release|x64.ActiveCfg = Release|x64
		{F1397B83-A92B-48C0-83EB-75370A71AD70}.Release|x64.Build.0 = Release|x64
		{F1397B83-A92B-48C0-83EB-75370A71AD70}.Release|x86.ActiveCfg = Release|Win32
		{F1397B83-A92B-48C0-83EB-75370A71AD70}.Release|x86.Build.0 = Release|Win32
		{4853155A-2842-43D7-8570-91A48B864710}.Debug|x64.ActiveCfg = Debug|x64
		{4853155A-2842-43D7-8570-91A48B864710}.Debug|x64.Build.0 = Debug|x64
		{4853155A-2842-43D7-8570-91A48B864710}.Debug|x86.ActiveCfg = Debug|Win32
		{4853155A-2842-43D7-8570-91A48B864710}.Debug|x86.Build.0 = Debug|Win32
		{4853155A-2842-43D7-8570-91A48B864710}.Release|x64.ActiveCfg = Release|x64
		{4853155A-2842-43D7-8570-91A48B864710}.Release|x64.Build.0 = Release|x64
		{4853155A-2842-43D7-8570-91A48B864710}.Release|x86.ActiveCfg = Release|Win32
		{4853155A-2842-43D7-8570-91A48B864710}.Release|x86.Build.0 = Release|Win32
		{87A07D09-AF97-4A91-BB2C-715F018512CE}.Debug|x64.ActiveCfg = Debug|x64
		{87A07D09-AF97-4A91-BB2C-715F018512CE}.Debug|x64.Build.0 = Debug|x64
		{87A07D09-AF97-4A91-BB2C-715F018512CE}.Debug|x86.ActiveCfg = Debug|Win32
		{87A07D09-AF97-4A91-BB2C-715F018512CE}.Debug|x86.Build.0 = Debug|Win32
		{87A07D09-AF97-4A91-BB2C-715F018512CE}.Release|x64.ActiveCfg = Release|x64
		{87A07D09-AF97-4A91-BB2C-715F018512CE}.Release|x64.Build.0 = Release|x64
		{87A07D09-AF97-4A91-BB2C-715F018512CE}.Release|x86.ActiveCfg = Release|Win32
		{87A07D09-AF97-4A91-BB2C-715F018512CE}.Release|x86.Build.0 = Release|Win32
		{52D50D74-D3A5-440F-93C7-8C789F523E6B}.Debug|x64.ActiveCfg = Debug|x64
		{52D50D74-D3A5-440F-93C7-8C789F523E6B}.Debug|x64.Build.0 = Debug|x64
		{52D50D74-D3A5-440F-93C7-8C789F523E6B}.Debug|x86.ActiveCfg = Debug|Win32
		{52D50D74-D3A5-440F-93C7-8C789F523E6B}.Debug|x86.Build.0 = Debug|Win32
		{52D50D74-D3A5-440F-93C7-8C789F523E6B}.Release|x64.ActiveCfg = Release|x64
		{52D50D74-D3A5-440F-93C7-8C789F523E6B}.Release|x64.Build.0 = Release|x64
		{52D50D74-D3A5-440F-93C7-8C789F523E6B}.Release|x86.ActiveCfg = Release|Win32
		{52D50D74-D3A5-440F-93C7-8C789F523E6B}.Release|x86.Build.0 = Release|Win32
		{FA0786A6-20FA-41D9-8C73-04B034C0719A}.Debug|x64.ActiveCfg = Debug|x64
		{FA0786A6-20FA-41D9-8C73-04B034C0719A}.Debug|x64.Build.0 = Debug|x64
		{FA0786A6-20FA-41D9-8C73-04B034C0719A}.Debug|x86.ActiveCfg = Debug|Win32
		{FA0786A6-20FA-41D9-8C73-04B034C0719A}.Debug|x86.Build.0 = Debug|Win32
		{FA0786A6-20FA-41D9-8C73-04B034C0719A}.Release|x64.ActiveCfg = Release|x64
		{FA0786A6-20FA-41D9-8C73-04B034C0719A}.Release|x64.Build.0 = Release|x64
		{FA0786A6-20FA-41D9-8C73-04B034C0719A}.Release|x86.ActiveCfg = Release|Win32
		{FA0786A6-20FA-41D9-8C73-04B034C0719A}.Release|x86.Build.0 = Release|Win32
		{A48952C4-EDE9-4FFD-8174-466FFC1D2A6D}.Debug|x64.ActiveCfg = Debug|x64
		{A48952C4-EDE9-4FFD-8174-466FFC1D2A6D}.Debug|x64.Build.0 = Debug|x64
		{A48952C4-EDE9-4FFD-8174-466FFC1D2A6D}.Debug|x86.ActiveCfg = Debug|Win32
		{A48952C4-EDE9-4FFD-8174-466FFC1D2A6D}.Debug|x86.Build.0 = Debug|Win32
		{A48952C4-EDE9-4FFD-8174-466FFC1D2A6D}.Release|x64.ActiveCfg = Release|x64
		{A48952C4-EDE9-4FFD-8174-466FFC1D2A6D}.Release|x64.Build.0 = Release|x64
		{A48952C4-EDE9-4FFD-8174-466FFC1D2A6D}.Release|x86.ActiveCfg = Release|Win32
		{A48952C4-EDE9-4FFD-8174-466FFC1D2A6D}.Release|x86.Build.0 = Release|Win32
		{20B492AF-A92D-439A-B0EE-F42A1E287B93}.Debug|x64.ActiveCfg = Debug|x64
		{20B492AF-A92D-439A-B0EE-F42A1E287B93}.Debug|x64.Build.0 = Debug|x64
		{20B492AF-A92D-439A-B0EE-F42A1E287B93}.Debug|x86.ActiveCfg = Debug|Win32
		{20B492AF-A92D-439A-B0EE-F42A1E287B93}.Debug|x86.Build.0 = Debug|Win32
		{20B492AF-A92D-439A-B0EE-F42A1E287B93}.Release|x64.ActiveCfg = Release|x64
		{20B492AF-A92D-439A-B0EE-F42A1E287B93}.Release|x64.Build.0 = Release|x64
		{20B492AF-A92D-439A-B0EE-F42A1E287B93}.Release|x86.ActiveCfg = Release|Win32
		{20B492AF-A92D-439A-B0EE-F42A1E287B93}.Release|x86.Build.0 = Release|Win32
		{EDDECD83-BE8E-4E30-8570-FE75DAE0407C}.Debug|x64.ActiveCfg = Debug|x64
		{EDDECD83-BE8E-4E30-8570-FE75DAE0407C}.Debug|x64.Build.0 = Debug|x64
		{EDDECD83-BE8E-4E30-8570-FE75DAE0407C}.Debug|x86.ActiveCfg = Debug|Win32
		{EDDECD83-BE8E-4E30-8570-FE75DAE0407C}.Debug|x86.Build.0 = Debug|Win32
		{EDDECD83-BE8E-4E30-8570-FE75DAE0407C}.Release|x64.ActiveCfg = Release|x64
		{EDDECD83-BE8E-4E30-8570-FE75DAE0407C}.Release|x64.Build.0 = Release|x64
		{EDDECD83-BE8E-4E30-8570-FE75DAE0407C}.Release|x86.ActiveCfg = Release|Win32
		{EDDECD83-BE8E-4E30-8570-FE75DAE0407C}.Release|x86.Build.0 = Release|Win32
		{0AFF4D2E-5805-4E7A-AF26-5F4DA4339DF1}.Debug|x64.ActiveCfg = Debug|x64
		{0AFF4D2E-5805-4E7A-AF26-5F4DA4339DF1}.Debug|x64.Build.0 = Debug|x64
		{0AFF4D2E-5805-4E7A-AF26-5F4DA4339DF1}.Debug|x86.ActiveCfg = Debug|Win32
		{0AFF4D2E-5805-4E7A-AF26-5F4DA4339DF1}.Debug|x86.Build.0 = Debug|Win32
		{0AFF4D2E-5805-4E7A-AF26-5F4DA4339DF1}.Release|x64.ActiveCfg = Release|x64
		{0AFF4D2E-5805-4E7A-AF26-5F4DA4339DF1}.Release|x64.Build.0 = Release|x64
		{0AFF4D2E-5805-4E7A-AF26-5F4DA4339DF1}.Release|x86.ActiveCfg = Release|Win32
		{0AFF4D2E-5805-4E7A-AF26-5F4DA4339DF1}.Release|x86.Build.0 = Release|Win32
		{B6FC7C3C-77AF-4A09-9757-8790F6BE7521}.Debug|x64.ActiveCfg = Debug|x64
		{B6FC7C3C-77AF-4A09-9757-8790F6BE7521}.Debug|x64.Build.0 = Debug|x64
		{B6FC7C3C-77AF-4A09-9757-8790F6BE7521}.Debug|x86.ActiveCfg = Debug|Win32
		{B6FC7C3C-77AF-4A09-9757-8790F6BE7521}.Debug|x86.Build.0 = Debug|Win32
		{B6FC7C3C-77AF-4A09-9757-8790F6BE7521}.Release|x64.ActiveCfg = Release|x64
		{B6FC7C3C-77AF-4A09-9757-8790F6BE7521}.Release|x64.Build.0 = Release|x64
		{B6FC7C3C-77AF-4A09-9757-8790F6BE7521}.Release|x86.ActiveCfg = Release|Win32
		{B6FC7C3C-77AF-4A09-9757-8790F6BE7521}.Release|x86.Build.0 = Release|Win32
		{6579B5B7-E4AD-436D-961C-9A7BB8CE899D}.Debug|x64.ActiveCfg = Debug|x64
		{6579B5B7-E4AD-436D-961C-9A7BB8CE899D}.Debug|x64.Build.0 = Debug|x64
		{6579B5B7-E4AD-436D-961C-9A7BB8CE899D}.Debug|x86.ActiveCfg = Debug|Win32
		{6579B5B7-E4AD-436D-961C-9A7BB8CE899D}.Debug|x86.Build.0 = Debug|Win32
		{6579B5B7-E4AD-436D-961C-9A7BB8CE899D}.Release|x64.ActiveCfg = Release|x64
		{6579B5B7-E4AD-436D-961C-9A7BB8CE899D}.Release|x64.Build.0 = Release|x64
		{6579B5B7-E4AD-436D-961C-9A7BB8CE899D}.Release|x86.ActiveCfg = Release|Win32
		{6579B5B7-E4AD-436D-961C-9A7BB8CE899D}.Release|x86.Build.0 = Release|Win32
		{F2C5B53A-13DD-4863-BA34-5512957FCA98}.Debug|x64.ActiveCfg = Debug|x64
		{F2C5B53A-13DD-4863-BA34-5512957FCA98}.Debug|x64.Build.0 = Debug|x64
		{F2C5B53A-13DD-4863-BA34-5512957FCA98}.Debug|x86.ActiveCfg = Debug|Win32
		{F2C5B53A-13DD-4863-BA34-5512957FCA98}.Debug|x86.Build.0 = Debug|Win32
		{F2C5B53A-13DD-4863-BA34-5512957FCA98}.Release|x64.ActiveCfg = Release|x64
		{F2C5B53A-13DD-4863-BA34-5512957FCA98}.Release|x64.Build.0 = Release|x64
		{F2C5B53A-13DD-4863-BA34-5512957FCA98}.Release|x86.ActiveCfg = Release|Win32
		{F2C5B53A-13DD-4863-BA34-5512957FCA98}.Release|x86.Build.0 = Release|Win32
		{F36A4656-BA56-4930-A9CF-02FE3D44EDC9}.Debug|x64.ActiveCfg = Debug|x64
		{F36A4656-BA56-4930-A9CF-02FE3D44EDC9}.Debug|x64.Build.0 = Debug|x64
		{F36A4656-BA56-4930-A9CF-02FE3D44EDC9}.Debug|x86.ActiveCfg = Debug|Win32
		{F36A4656-BA56-4930-A9CF-02FE3D44EDC9}.Debug|x86.Build.0 = Debug|Win32
		{F36A4656-BA56-4930-A9CF-02FE3D44EDC9}.Release|x64.ActiveCfg = Release|x64
		{F36A4656-BA56-4930-A9CF-02FE3D44EDC9}.Release|x64.Build.0 = Release|x64
		{F36A4656-BA56-4930-A9CF-02FE3D44EDC9}.Release|x86.ActiveCfg = Release|Win32
		{F36A4656-BA56-4930-A9CF-02FE3D44EDC9}.Release|x86.Build.0 = Release|Win32
		{04E09248-E5C3-40A6-B1B3-248B6D42D202}.Debug|x64.ActiveCfg = Debug|x64
		{04E09248-E5C3-40A6-B1B3-248B6D42D202}.Debug|x64.Build.0 = Debug|x64
		{04E09248-E5C3-40A6-B1B3-248B6D42D202}.Debug|x86.ActiveCfg = Debug|Win32
		{04E09248-E5C3-40A6-B1B3-248B6D42D202}.Debug|x86.Build.0 = Debug|Win32
		{04E09248-E5C3-40A6-B1B3-248B6D42D202}.Release|x64.ActiveCfg = Release|x64
		{04E09248-E5C3-40A6-B1B3-248B6D42D202}.Release|x64.Build.0 = Release|x64
		{04E09248-E5C3-40A6-B1B3-248B6D42D202}.Release|x86.ActiveCfg = Release|Win32
		{04E09248-E5C3-40A6-B1B3-248B6D42D202}.Release|x86.Build.0 = Release|Win32
		{2AB6176B-6C2D-41F1-84B0-DAA71E9A5821}.Debug|x64.ActiveCfg = Debug|x64
		{2AB6176B-6C2D-41F1-84B0-DAA71E9A5821}.Debug|x64.Build.0 = Debug|x64
		{2AB6176B-6C2D-41F1-84B0-DAA71E9A5821}.Debug|x86.ActiveCfg = Debug|Win32
		{2AB6176B-6C2D-41F1-84B0-DAA71E9A5821}.Debug|x86.Build.0 = Debug|Win32
		{2AB6176B-6C2D-41F1-84B0-DAA71E9A5821}.Release|x64.ActiveCfg = Release|x64
		{2AB6176B-6C2D-41F1-84B0-DAA71E9A5821}.Release|x64.Build.0 = Release|x64
		{2AB6176B-6C2D-41F1-84B0-DAA71E9A5821}.Release|x86.ActiveCfg = Release|Win32
		{2AB6176B-6C2D-41F1-84B0-DAA71E9A5821}.Release|x86.Build.0 = Release|Win32
		{A4694FC1-6486-4FC6-A34E-E700BC7C37AB}.Debug|x64.ActiveCfg = Debug|x64
		{A4694FC1-6486-4FC6-A34E-E700BC7C37AB}.Debug|x64.Build.0 = Debug|x64
		{A4694FC1-6486-4FC6-A34E-E700BC7C37AB}.Debug|x86.ActiveCfg = Debug|Win32
		{A4694FC1-6486-4FC6-A34E-E700BC7C37AB}.Debug|x86.Build.0 = Debug|Win32
		{A4694FC1-6486-4FC6-A34E-E700BC7C37AB}.Release|x64.ActiveCfg = Release|x64
		{A4694FC1-6486-4FC6-A34E-E700BC7C37AB}.Release|x64.Build.0 = Release|x64
		{A4694FC1-6486-4FC6-A34E-E700BC7C37AB}.Release|x86.ActiveCfg = Release|Win32
		{A4694FC1-6486-4FC6-A34E-E700BC7C37AB}.Release|x86.Build.0 = Release|Win32
		{3CFF082E-FBF5-4860-B508-F2A6E159340F}.Debug|x64.ActiveCfg = Debug|x64
		{3CFF082E-FBF5-4860-B508-F2A6E159340F}.Debug|x64.Build.0 = Debug|x64
		{3CFF082E-FBF5-4860-B508-F2A6E159340F}.Debug|x86.ActiveCfg = Debug|Win32
		{3CFF082E-FBF5-4860-B508-F2A6E159340F}.Debug|x86.Build.0 = Debug|Win32
		{3CFF082E-FBF5-4860-B508-F2A6E159340F}.Release|x64.ActiveCfg = Release|x64
		{3CFF082E-FBF5-4860-B508-F2A6E159340F}.Release|x64.Build.0 = Release|x64
		{3CFF082E-FBF5-4860-B508-F2A6E159340F}.Release|x86.ActiveCfg = Release|Win32
		{3CFF082E-FBF5-4860-B508-F2A6E159340F}.Release|x86.Build.0 = Release|Win32
		{22F5CBB5-4307-479E-96A5-5E7DB1764EEF}.Debug|x64.ActiveCfg = Debug|x64
		{22F5CBB5-4307-479E-96A5-5E7DB1764EEF}.Debug|x64.Build.0 = Debug|x64
		{22F5CBB5-4307-479E-96A5-5E7DB1764EEF}.Debug|x86.ActiveCfg = Debug|Win32
		{22F5CBB5-4307-479E-96A5-5E7DB1764EEF}.Debug|x86.Build.0 = Debug|Win32
		{22F5CBB5-4307-479E-96A5-5E7DB1764EEF}.Release|x64.ActiveCfg = Release|x64
		{22F5CBB5-4307-479E-96A5-5E7DB1764EEF}.Release|x64.Build.0 = Release|x64
		{22F5CBB5-4307-479E-96A5-5E7DB1764EEF}.Release|x86.ActiveCfg = Release|Win32
		{22F5CBB5-4307-479E-96A5-5E7DB1764EEF}.Release|x86.Build.0 = Release|Win32
		{488E143E-BDF9-4C2B-BDC5-D9BF35698339}.Debug|x64.ActiveCfg = Debug|x64
		{488E143E-BDF9-4C2B-BDC5-D9BF35698339}.Debug|x64.Build.0 = Debug|x64
		{488E143E-BDF9-4C2B-BDC5-D9BF35698339}.Debug|x86.ActiveCfg = Debug|Win32
		{488E143E-BDF9-4C2B-BDC5-D9BF35698339}.Debug|x86.Build.0 = Debug|Win32
		{488E143E-BDF9-4C2B-BDC5-D9BF35698339}.Release|x64.ActiveCfg = Release|x64
		{488E143E-BDF9-4C2B-BDC5-D9BF35698339}.Release|x64.Build.0 = Release|x64
		{488E143E-BDF9-4C2B-BDC5-D9BF35698339}.Release|x86.ActiveCfg = Release|Win32
		{488E143E-BDF9-4C2B-BDC5-D9BF35698339}.Release|x86.Build.0 = Release|Win32
		{8605918A-F19C-45BF-8673-6474D485A7A1}.Debug|x64.ActiveCfg = Debug|x64
		{8605918A-F19C-45BF-8673-6474D485A7A1}.Debug|x64.Build.0 = Debug|x64
		{8605918A-F19C-45BF-8673-6474D485A7A1}.Debug|x86.ActiveCfg = Debug|Win32
		{8605918A-F19C-45BF-8673-6474D485A7A1}.Debug|x86.Build.0 = Debug|Win32
		{8605918A-F19C-45BF-8673-6474D485A7A1}.Release|x64.ActiveCfg = Release|x64
		{8605918A-F19C-45BF-8673-6474D485A7A1}.Release|x64.Build.0 = Release|x64
		{8605918A-F19C-45BF-8673-6474D485A7A1}.Release|x86.ActiveCfg = Release|Win32
		{8605918A-F19C-45BF-8673-6474D485A7A1}.Release|x86.Build.0 = Release|Win32
	EndGlobalSection
	GlobalSection(SolutionProperties) = preSolution
		HideSolutionNode = FALSE
	EndGlobalSection
	GlobalSection(NestedProjects) = preSolution
		{F1397B83-A92B-48C0-83EB-75370A71AD70} = {1C87A160-B901-4482-B1D8-57DA770D8118}
		{4853155A-2842-43D7-8570-91A48B864710} = {1C87A160-B901-4482-B1D8-57DA770D8118}
		{87A07D09-AF97-4A91-BB2C-715F018512CE} = {1C87A160-B901-4482-B1D8-57DA770D8118}
		{52D50D74-D3A5-440F-93C7-8C789F523E6B} = {1C87A160-B901-4482-B1D8-57DA770D8118}
		{FA0786A6-20FA-41D9-8C73-04B034C0719A} = {1C87A160-B901-4482-B1D8-57DA770D8118}
		{A48952C4-EDE9-4FFD-8174-466FFC1D2A6D} = {1C87A160-B901-4482-B1D8-57DA770D8118}
		{20B492AF-A92D-439A-B0EE-F42A1E287B93} = {1C87A160-B901-4482-B1D8-57DA770D8118}
		{EDDECD83-BE8E-4E30-8570-FE75DAE0407C} = {1C87A160-B901-4482-B1D8-57DA770D8118}
		{0AFF4D2E-5805-4E7A-AF26-5F4DA4339DF1} = {1C87A160-B901-4482-B1D8-57DA770D8118}
		{B6FC7C3C-77AF-4A09-9757-8790F6BE7521} = {6C4BD728-AD7C-4401-8FA3-DF97ED3C8998}
		{6579B5B7-E4AD-436D-961C-9A7BB8CE899D} = {6C4BD728-AD7C-4401-8FA3-DF97ED3C8998}
		{F2C5B53A-13DD-4863-BA34-5512957FCA98} = {6C4BD728-AD7C-4401-8FA3-DF97ED3C8998}
		{F36A4656-BA56-4930-A9CF-02FE3D44EDC9} = {FCF4B2B6-1466-4CE1-8264-81C55F19D543}
		{04E09248-E5C3-40A6-B1B3-248B6D42D202} = {FCF4B2B6-1466-4CE1-8264-81C55F19D543}
		{2AB6176B-6C2D-41F1-84B0-DAA71E9A5821} = {FCF4B2B6-1466-4CE1-8264-81C55F19D543}
		{A4694FC1-6486-4FC6-A34E-E700BC7C37AB} = {FCF4B2B6-1466-4CE1-8264-81C55F19D543}
		{3CFF082E-FBF5-4860-B508-F2A6E159340F} = {FCF4B2B6-1466-4CE1-8264-81C55F19D543}
		{22F5CBB5-4307-479E-96A5-5E7DB1764EEF} = {FCF4B2B6-1466-4CE1-8264-81C55F19D543}
		{488E143E-BDF9-4C2B-BDC5-D9BF35698339} = {FCF4B2B6-1466-4CE1-8264-81C55F19D543}
		{8605918A-F19C-45BF-8673-6474D485A7A1} = {FCF4B2B6-1466-4CE1-8264-81C55F19D543}
	EndGlobalSection
	GlobalSection(ExtensibilityGlobals) = postSolution
		SolutionGuid = {DCDE86EC-540C-436F-8DEB-6FACB55BA52F}
	EndGlobalSection
EndGlobal
