
Microsoft Visual Studio Solution File, Format Version 12.00
# Visual Studio Version 16
VisualStudioVersion = 16.0.31624.102
MinimumVisualStudioVersion = 10.0.40219.1
Project("{8BC9CEB8-8B4A-11D0-8D11-00A0C91BC942}") = "1", "1\1.vcxproj", "{E8DDDCE2-850E-4C20-B320-1FE5D79C582B}"
EndProject
Project("{8BC9CEB8-8B4A-11D0-8D11-00A0C91BC942}") = "2", "2\2.vcxproj", "{57B77BAC-BB59-4F05-BA72-13AAB160A961}"
EndProject
Project("{8BC9CEB8-8B4A-11D0-8D11-00A0C91BC942}") = "3", "3\3.vcxproj", "{02A28BB9-67DF-4F39-A44B-48428280E861}"
EndProject
Project("{8BC9CEB8-8B4A-11D0-8D11-00A0C91BC942}") = "4", "4\4.vcxproj", "{CE22646D-12C3-4B90-884F-850080174BAA}"
EndProject
Project("{8BC9CEB8-8B4A-11D0-8D11-00A0C91BC942}") = "5", "5\5.vcxproj", "{D640C59E-2A34-42F9-B9BA-3D6A991656AC}"
EndProject
Project("{8BC9CEB8-8B4A-11D0-8D11-00A0C91BC942}") = "6", "6\6.vcxproj", "{A42B3CB4-0775-4825-B337-DFFBD48355D3}"
EndProject
Project("{8BC9CEB8-8B4A-11D0-8D11-00A0C91BC942}") = "7", "7\7.vcxproj", "{1A1828EB-7E9F-4D7B-BFB1-4D2A04C33BC4}"
EndProject
Project("{8BC9CEB8-8B4A-11D0-8D11-00A0C91BC942}") = "8", "8\8.vcxproj", "{21AEBF40-A72B-465D-940F-76BE7FB8A2A1}"
EndProject
Project("{8BC9CEB8-8B4A-11D0-8D11-00A0C91BC942}") = "9", "9\9.vcxproj", "{1ED91BB7-9725-4719-AC0E-38EF5E113AC6}"
EndProject
Project("{8BC9CEB8-8B4A-11D0-8D11-00A0C91BC942}") = "10", "10\10.vcxproj", "{4CF77404-8BA0-46A3-808E-95EDE2BC4B3C}"
EndProject
Project("{8BC9CEB8-8B4A-11D0-8D11-00A0C91BC942}") = "11", "11\11.vcxproj", "{DC6DE554-02C1-4197-83C3-D1A19561BB8A}"
EndProject
Project("{8BC9CEB8-8B4A-11D0-8D11-00A0C91BC942}") = "12", "12\12.vcxproj", "{E3AE7EAF-1EBB-496F-9170-B8ABE11A7016}"
EndProject
Project("{8BC9CEB8-8B4A-11D0-8D11-00A0C91BC942}") = "13", "13\13.vcxproj", "{A5E571F1-5BF4-44D5-883B-BA7165CB970D}"
EndProject
Project("{8BC9CEB8-8B4A-11D0-8D11-00A0C91BC942}") = "14", "14\14.vcxproj", "{8B3CD1C2-59AE-43F3-9AEE-84F1E734AF19}"
EndProject
Project("{8BC9CEB8-8B4A-11D0-8D11-00A0C91BC942}") = "15", "15\15.vcxproj", "{24773536-02D7-4EBE-807C-EDF86D10F219}"
EndProject
Global
	GlobalSection(SolutionConfigurationPlatforms) = preSolution
		Debug|x64 = Debug|x64
		Debug|x86 = Debug|x86
		Release|x64 = Release|x64
		Release|x86 = Release|x86
	EndGlobalSection
	GlobalSection(ProjectConfigurationPlatforms) = postSolution
		{E8DDDCE2-850E-4C20-B320-1FE5D79C582B}.Debug|x64.ActiveCfg = Debug|x64
		{E8DDDCE2-850E-4C20-B320-1FE5D79C582B}.Debug|x64.Build.0 = Debug|x64
		{E8DDDCE2-850E-4C20-B320-1FE5D79C582B}.Debug|x86.ActiveCfg = Debug|Win32
		{E8DDDCE2-850E-4C20-B320-1FE5D79C582B}.Debug|x86.Build.0 = Debug|Win32
		{E8DDDCE2-850E-4C20-B320-1FE5D79C582B}.Release|x64.ActiveCfg = Release|x64
		{E8DDDCE2-850E-4C20-B320-1FE5D79C582B}.Release|x64.Build.0 = Release|x64
		{E8DDDCE2-850E-4C20-B320-1FE5D79C582B}.Release|x86.ActiveCfg = Release|Win32
		{E8DDDCE2-850E-4C20-B320-1FE5D79C582B}.Release|x86.Build.0 = Release|Win32
		{57B77BAC-BB59-4F05-BA72-13AAB160A961}.Debug|x64.ActiveCfg = Debug|x64
		{57B77BAC-BB59-4F05-BA72-13AAB160A961}.Debug|x64.Build.0 = Debug|x64
		{57B77BAC-BB59-4F05-BA72-13AAB160A961}.Debug|x86.ActiveCfg = Debug|Win32
		{57B77BAC-BB59-4F05-BA72-13AAB160A961}.Debug|x86.Build.0 = Debug|Win32
		{57B77BAC-BB59-4F05-BA72-13AAB160A961}.Release|x64.ActiveCfg = Release|x64
		{57B77BAC-BB59-4F05-BA72-13AAB160A961}.Release|x64.Build.0 = Release|x64
		{57B77BAC-BB59-4F05-BA72-13AAB160A961}.Release|x86.ActiveCfg = Release|Win32
		{57B77BAC-BB59-4F05-BA72-13AAB160A961}.Release|x86.Build.0 = Release|Win32
		{02A28BB9-67DF-4F39-A44B-48428280E861}.Debug|x64.ActiveCfg = Debug|x64
		{02A28BB9-67DF-4F39-A44B-48428280E861}.Debug|x64.Build.0 = Debug|x64
		{02A28BB9-67DF-4F39-A44B-48428280E861}.Debug|x86.ActiveCfg = Debug|Win32
		{02A28BB9-67DF-4F39-A44B-48428280E861}.Debug|x86.Build.0 = Debug|Win32
		{02A28BB9-67DF-4F39-A44B-48428280E861}.Release|x64.ActiveCfg = Release|x64
		{02A28BB9-67DF-4F39-A44B-48428280E861}.Release|x64.Build.0 = Release|x64
		{02A28BB9-67DF-4F39-A44B-48428280E861}.Release|x86.ActiveCfg = Release|Win32
		{02A28BB9-67DF-4F39-A44B-48428280E861}.Release|x86.Build.0 = Release|Win32
		{CE22646D-12C3-4B90-884F-850080174BAA}.Debug|x64.ActiveCfg = Debug|x64
		{CE22646D-12C3-4B90-884F-850080174BAA}.Debug|x64.Build.0 = Debug|x64
		{CE22646D-12C3-4B90-884F-850080174BAA}.Debug|x86.ActiveCfg = Debug|Win32
		{CE22646D-12C3-4B90-884F-850080174BAA}.Debug|x86.Build.0 = Debug|Win32
		{CE22646D-12C3-4B90-884F-850080174BAA}.Release|x64.ActiveCfg = Release|x64
		{CE22646D-12C3-4B90-884F-850080174BAA}.Release|x64.Build.0 = Release|x64
		{CE22646D-12C3-4B90-884F-850080174BAA}.Release|x86.ActiveCfg = Release|Win32
		{CE22646D-12C3-4B90-884F-850080174BAA}.Release|x86.Build.0 = Release|Win32
		{D640C59E-2A34-42F9-B9BA-3D6A991656AC}.Debug|x64.ActiveCfg = Debug|x64
		{D640C59E-2A34-42F9-B9BA-3D6A991656AC}.Debug|x64.Build.0 = Debug|x64
		{D640C59E-2A34-42F9-B9BA-3D6A991656AC}.Debug|x86.ActiveCfg = Debug|Win32
		{D640C59E-2A34-42F9-B9BA-3D6A991656AC}.Debug|x86.Build.0 = Debug|Win32
		{D640C59E-2A34-42F9-B9BA-3D6A991656AC}.Release|x64.ActiveCfg = Release|x64
		{D640C59E-2A34-42F9-B9BA-3D6A991656AC}.Release|x64.Build.0 = Release|x64
		{D640C59E-2A34-42F9-B9BA-3D6A991656AC}.Release|x86.ActiveCfg = Release|Win32
		{D640C59E-2A34-42F9-B9BA-3D6A991656AC}.Release|x86.Build.0 = Release|Win32
		{A42B3CB4-0775-4825-B337-DFFBD48355D3}.Debug|x64.ActiveCfg = Debug|x64
		{A42B3CB4-0775-4825-B337-DFFBD48355D3}.Debug|x64.Build.0 = Debug|x64
		{A42B3CB4-0775-4825-B337-DFFBD48355D3}.Debug|x86.ActiveCfg = Debug|Win32
		{A42B3CB4-0775-4825-B337-DFFBD48355D3}.Debug|x86.Build.0 = Debug|Win32
		{A42B3CB4-0775-4825-B337-DFFBD48355D3}.Release|x64.ActiveCfg = Release|x64
		{A42B3CB4-0775-4825-B337-DFFBD48355D3}.Release|x64.Build.0 = Release|x64
		{A42B3CB4-0775-4825-B337-DFFBD48355D3}.Release|x86.ActiveCfg = Release|Win32
		{A42B3CB4-0775-4825-B337-DFFBD48355D3}.Release|x86.Build.0 = Release|Win32
		{1A1828EB-7E9F-4D7B-BFB1-4D2A04C33BC4}.Debug|x64.ActiveCfg = Debug|x64
		{1A1828EB-7E9F-4D7B-BFB1-4D2A04C33BC4}.Debug|x64.Build.0 = Debug|x64
		{1A1828EB-7E9F-4D7B-BFB1-4D2A04C33BC4}.Debug|x86.ActiveCfg = Debug|Win32
		{1A1828EB-7E9F-4D7B-BFB1-4D2A04C33BC4}.Debug|x86.Build.0 = Debug|Win32
		{1A1828EB-7E9F-4D7B-BFB1-4D2A04C33BC4}.Release|x64.ActiveCfg = Release|x64
		{1A1828EB-7E9F-4D7B-BFB1-4D2A04C33BC4}.Release|x64.Build.0 = Release|x64
		{1A1828EB-7E9F-4D7B-BFB1-4D2A04C33BC4}.Release|x86.ActiveCfg = Release|Win32
		{1A1828EB-7E9F-4D7B-BFB1-4D2A04C33BC4}.Release|x86.Build.0 = Release|Win32
		{21AEBF40-A72B-465D-940F-76BE7FB8A2A1}.Debug|x64.ActiveCfg = Debug|x64
		{21AEBF40-A72B-465D-940F-76BE7FB8A2A1}.Debug|x64.Build.0 = Debug|x64
		{21AEBF40-A72B-465D-940F-76BE7FB8A2A1}.Debug|x86.ActiveCfg = Debug|Win32
		{21AEBF40-A72B-465D-940F-76BE7FB8A2A1}.Debug|x86.Build.0 = Debug|Win32
		{21AEBF40-A72B-465D-940F-76BE7FB8A2A1}.Release|x64.ActiveCfg = Release|x64
		{21AEBF40-A72B-465D-940F-76BE7FB8A2A1}.Release|x64.Build.0 = Release|x64
		{21AEBF40-A72B-465D-940F-76BE7FB8A2A1}.Release|x86.ActiveCfg = Release|Win32
		{21AEBF40-A72B-465D-940F-76BE7FB8A2A1}.Release|x86.Build.0 = Release|Win32
		{1ED91BB7-9725-4719-AC0E-38EF5E113AC6}.Debug|x64.ActiveCfg = Debug|x64
		{1ED91BB7-9725-4719-AC0E-38EF5E113AC6}.Debug|x64.Build.0 = Debug|x64
		{1ED91BB7-9725-4719-AC0E-38EF5E113AC6}.Debug|x86.ActiveCfg = Debug|Win32
		{1ED91BB7-9725-4719-AC0E-38EF5E113AC6}.Debug|x86.Build.0 = Debug|Win32
		{1ED91BB7-9725-4719-AC0E-38EF5E113AC6}.Release|x64.ActiveCfg = Release|x64
		{1ED91BB7-9725-4719-AC0E-38EF5E113AC6}.Release|x64.Build.0 = Release|x64
		{1ED91BB7-9725-4719-AC0E-38EF5E113AC6}.Release|x86.ActiveCfg = Release|Win32
		{1ED91BB7-9725-4719-AC0E-38EF5E113AC6}.Release|x86.Build.0 = Release|Win32
		{4CF77404-8BA0-46A3-808E-95EDE2BC4B3C}.Debug|x64.ActiveCfg = Debug|x64
		{4CF77404-8BA0-46A3-808E-95EDE2BC4B3C}.Debug|x64.Build.0 = Debug|x64
		{4CF77404-8BA0-46A3-808E-95EDE2BC4B3C}.Debug|x86.ActiveCfg = Debug|Win32
		{4CF77404-8BA0-46A3-808E-95EDE2BC4B3C}.Debug|x86.Build.0 = Debug|Win32
		{4CF77404-8BA0-46A3-808E-95EDE2BC4B3C}.Release|x64.ActiveCfg = Release|x64
		{4CF77404-8BA0-46A3-808E-95EDE2BC4B3C}.Release|x64.Build.0 = Release|x64
		{4CF77404-8BA0-46A3-808E-95EDE2BC4B3C}.Release|x86.ActiveCfg = Release|Win32
		{4CF77404-8BA0-46A3-808E-95EDE2BC4B3C}.Release|x86.Build.0 = Release|Win32
		{DC6DE554-02C1-4197-83C3-D1A19561BB8A}.Debug|x64.ActiveCfg = Debug|x64
		{DC6DE554-02C1-4197-83C3-D1A19561BB8A}.Debug|x64.Build.0 = Debug|x64
		{DC6DE554-02C1-4197-83C3-D1A19561BB8A}.Debug|x86.ActiveCfg = Debug|Win32
		{DC6DE554-02C1-4197-83C3-D1A19561BB8A}.Debug|x86.Build.0 = Debug|Win32
		{DC6DE554-02C1-4197-83C3-D1A19561BB8A}.Release|x64.ActiveCfg = Release|x64
		{DC6DE554-02C1-4197-83C3-D1A19561BB8A}.Release|x64.Build.0 = Release|x64
		{DC6DE554-02C1-4197-83C3-D1A19561BB8A}.Release|x86.ActiveCfg = Release|Win32
		{DC6DE554-02C1-4197-83C3-D1A19561BB8A}.Release|x86.Build.0 = Release|Win32
		{E3AE7EAF-1EBB-496F-9170-B8ABE11A7016}.Debug|x64.ActiveCfg = Debug|x64
		{E3AE7EAF-1EBB-496F-9170-B8ABE11A7016}.Debug|x64.Build.0 = Debug|x64
		{E3AE7EAF-1EBB-496F-9170-B8ABE11A7016}.Debug|x86.ActiveCfg = Debug|Win32
		{E3AE7EAF-1EBB-496F-9170-B8ABE11A7016}.Debug|x86.Build.0 = Debug|Win32
		{E3AE7EAF-1EBB-496F-9170-B8ABE11A7016}.Release|x64.ActiveCfg = Release|x64
		{E3AE7EAF-1EBB-496F-9170-B8ABE11A7016}.Release|x64.Build.0 = Release|x64
		{E3AE7EAF-1EBB-496F-9170-B8ABE11A7016}.Release|x86.ActiveCfg = Release|Win32
		{E3AE7EAF-1EBB-496F-9170-B8ABE11A7016}.Release|x86.Build.0 = Release|Win32
		{A5E571F1-5BF4-44D5-883B-BA7165CB970D}.Debug|x64.ActiveCfg = Debug|x64
		{A5E571F1-5BF4-44D5-883B-BA7165CB970D}.Debug|x64.Build.0 = Debug|x64
		{A5E571F1-5BF4-44D5-883B-BA7165CB970D}.Debug|x86.ActiveCfg = Debug|Win32
		{A5E571F1-5BF4-44D5-883B-BA7165CB970D}.Debug|x86.Build.0 = Debug|Win32
		{A5E571F1-5BF4-44D5-883B-BA7165CB970D}.Release|x64.ActiveCfg = Release|x64
		{A5E571F1-5BF4-44D5-883B-BA7165CB970D}.Release|x64.Build.0 = Release|x64
		{A5E571F1-5BF4-44D5-883B-BA7165CB970D}.Release|x86.ActiveCfg = Release|Win32
		{A5E571F1-5BF4-44D5-883B-BA7165CB970D}.Release|x86.Build.0 = Release|Win32
		{8B3CD1C2-59AE-43F3-9AEE-84F1E734AF19}.Debug|x64.ActiveCfg = Debug|x64
		{8B3CD1C2-59AE-43F3-9AEE-84F1E734AF19}.Debug|x64.Build.0 = Debug|x64
		{8B3CD1C2-59AE-43F3-9AEE-84F1E734AF19}.Debug|x86.ActiveCfg = Debug|Win32
		{8B3CD1C2-59AE-43F3-9AEE-84F1E734AF19}.Debug|x86.Build.0 = Debug|Win32
		{8B3CD1C2-59AE-43F3-9AEE-84F1E734AF19}.Release|x64.ActiveCfg = Release|x64
		{8B3CD1C2-59AE-43F3-9AEE-84F1E734AF19}.Release|x64.Build.0 = Release|x64
		{8B3CD1C2-59AE-43F3-9AEE-84F1E734AF19}.Release|x86.ActiveCfg = Release|Win32
		{8B3CD1C2-59AE-43F3-9AEE-84F1E734AF19}.Release|x86.Build.0 = Release|Win32
		{24773536-02D7-4EBE-807C-EDF86D10F219}.Debug|x64.ActiveCfg = Debug|x64
		{24773536-02D7-4EBE-807C-EDF86D10F219}.Debug|x64.Build.0 = Debug|x64
		{24773536-02D7-4EBE-807C-EDF86D10F219}.Debug|x86.ActiveCfg = Debug|Win32
		{24773536-02D7-4EBE-807C-EDF86D10F219}.Debug|x86.Build.0 = Debug|Win32
		{24773536-02D7-4EBE-807C-EDF86D10F219}.Release|x64.ActiveCfg = Release|x64
		{24773536-02D7-4EBE-807C-EDF86D10F219}.Release|x64.Build.0 = Release|x64
		{24773536-02D7-4EBE-807C-EDF86D10F219}.Release|x86.ActiveCfg = Release|Win32
		{24773536-02D7-4EBE-807C-EDF86D10F219}.Release|x86.Build.0 = Release|Win32
	EndGlobalSection
	GlobalSection(SolutionProperties) = preSolution
		HideSolutionNode = FALSE
	EndGlobalSection
	GlobalSection(ExtensibilityGlobals) = postSolution
		SolutionGuid = {A566A369-DA14-4BE9-8FDF-2716DE5B90B8}
	EndGlobalSection
EndGlobal
