
Microsoft Visual Studio Solution File, Format Version 12.00
# Visual Studio Version 17
VisualStudioVersion = 17.1.32210.238
MinimumVisualStudioVersion = 10.0.40219.1
Project("{FAE04EC0-301F-11D3-BF4B-00C04F79EFBC}") = "153503_Konchik_lab3", "153503_Konchik_lab3.csproj", "{8164D4CA-B3BD-4526-9924-11C9E6EF2932}"
EndProject
Global
	GlobalSection(SolutionConfigurationPlatforms) = preSolution
		Debug|Any CPU = Debug|Any CPU
		Release|Any CPU = Release|Any CPU
	EndGlobalSection
	GlobalSection(ProjectConfigurationPlatforms) = postSolution
		{8164D4CA-B3BD-4526-9924-11C9E6EF2932}.Debug|Any CPU.ActiveCfg = Debug|Any CPU
		{8164D4CA-B3BD-4526-9924-11C9E6EF2932}.Debug|Any CPU.Build.0 = Debug|Any CPU
		{8164D4CA-B3BD-4526-9924-11C9E6EF2932}.Release|Any CPU.ActiveCfg = Release|Any CPU
		{8164D4CA-B3BD-4526-9924-11C9E6EF2932}.Release|Any CPU.Build.0 = Release|Any CPU
	EndGlobalSection
	GlobalSection(SolutionProperties) = preSolution
		HideSolutionNode = FALSE
	EndGlobalSection
	GlobalSection(ExtensibilityGlobals) = postSolution
		SolutionGuid = {33522570-0314-471F-9F1B-57E9DC8C0EA4}
	EndGlobalSection
EndGlobal
