
Microsoft Visual Studio Solution File, Format Version 12.00
# Visual Studio Version 16
VisualStudioVersion = 16.0.31911.196
MinimumVisualStudioVersion = 10.0.40219.1
Project("{8BC9CEB8-8B4A-11D0-8D11-00A0C91BC942}") = "1.1", "1\1.vcxproj", "{BDC319D7-11AA-457B-81CD-18C828420FF3}"
EndProject
Project("{8BC9CEB8-8B4A-11D0-8D11-00A0C91BC942}") = "1.2", "1.2\1.2.vcxproj", "{09A15122-DEDA-49BA-AFBD-DE38A2DE3749}"
EndProject
Project("{8BC9CEB8-8B4A-11D0-8D11-00A0C91BC942}") = "2", "2\2.vcxproj", "{8276302A-86E8-4DA1-8AF0-19F508945E39}"
EndProject
Project("{8BC9CEB8-8B4A-11D0-8D11-00A0C91BC942}") = "3", "3\3.vcxproj", "{6689644D-2381-4053-94CD-4B5141E0E10E}"
EndProject
Project("{8BC9CEB8-8B4A-11D0-8D11-00A0C91BC942}") = "4", "14\14.vcxproj", "{585E564A-CE35-4BE6-9F94-0EC429753013}"
EndProject
Project("{8BC9CEB8-8B4A-11D0-8D11-00A0C91BC942}") = "5", "5\5.vcxproj", "{836D4952-8A10-41D0-89C8-4DA59F583CB4}"
EndProject
Project("{8BC9CEB8-8B4A-11D0-8D11-00A0C91BC942}") = "6", "6\6.vcxproj", "{8DD59A34-64CE-44A4-8E6E-88B0EA930D1A}"
EndProject
Project("{8BC9CEB8-8B4A-11D0-8D11-00A0C91BC942}") = "7", "7\7.vcxproj", "{3E010EAE-1EA7-4284-81BC-6C231C061F7C}"
EndProject
Project("{8BC9CEB8-8B4A-11D0-8D11-00A0C91BC942}") = "8", "8\8.vcxproj", "{0FFD45CB-7E1D-4C59-BBB7-849B6619029C}"
EndProject
Project("{8BC9CEB8-8B4A-11D0-8D11-00A0C91BC942}") = "9", "9\9.vcxproj", "{D556F5D4-D6B2-407F-A494-0B9A9FDD000B}"
EndProject
Project("{8BC9CEB8-8B4A-11D0-8D11-00A0C91BC942}") = "10", "10\10.vcxproj", "{EA1275EC-80D2-476D-B495-33A506CF5BBB}"
EndProject
Project("{2150E333-8FDC-42A3-9474-1A3956D46DE8}") = "Task", "Task", "{4D0E6888-50F6-4FDF-8AF0-8918B3D0A6F0}"
EndProject
Project("{2150E333-8FDC-42A3-9474-1A3956D46DE8}") = "Test", "Test", "{8D84211D-7865-4985-AE06-0CABB572576F}"
EndProject
Project("{8BC9CEB8-8B4A-11D0-8D11-00A0C91BC942}") = "Test1", "Test1\Test1.vcxproj", "{D069D4BA-AF0A-4A1B-BB8B-AD5F7D845F10}"
EndProject
Project("{8BC9CEB8-8B4A-11D0-8D11-00A0C91BC942}") = "Test2", "Test2\Test2.vcxproj", "{4FA78259-AD42-4FAD-BC20-A8737DCC97B0}"
EndProject
Project("{8BC9CEB8-8B4A-11D0-8D11-00A0C91BC942}") = "Test3", "Test3\Test3.vcxproj", "{4C1EB00D-99CD-4744-87C9-FACD4CF57622}"
EndProject
Project("{8BC9CEB8-8B4A-11D0-8D11-00A0C91BC942}") = "Test4", "Test4\Test4.vcxproj", "{AF2A91A8-274E-441C-B5B5-80869C582049}"
EndProject
Project("{8BC9CEB8-8B4A-11D0-8D11-00A0C91BC942}") = "Test5", "Test5\Test5.vcxproj", "{4932DD0C-DDB5-46A2-917A-688796132221}"
EndProject
Project("{8BC9CEB8-8B4A-11D0-8D11-00A0C91BC942}") = "Test6", "Test6\Test6.vcxproj", "{10B491CE-3698-4ADA-98E3-6E7B1433C8DE}"
EndProject
Project("{8BC9CEB8-8B4A-11D0-8D11-00A0C91BC942}") = "Test7", "Test7\Test7.vcxproj", "{83194906-84CC-4297-9B85-2FDEF66013E0}"
EndProject
Project("{8BC9CEB8-8B4A-11D0-8D11-00A0C91BC942}") = "Test8", "Test8\Test8.vcxproj", "{65A6B183-9C35-4ABB-95BA-8316419C16B6}"
EndProject
Project("{8BC9CEB8-8B4A-11D0-8D11-00A0C91BC942}") = "Test9", "Test9\Test9.vcxproj", "{02C8507C-7FD9-429F-90B9-05DE268E9830}"
EndProject
Project("{8BC9CEB8-8B4A-11D0-8D11-00A0C91BC942}") = "Test10", "Test10\Test10.vcxproj", "{DB60416B-D30C-404A-BB89-97BC2E21BEAE}"
EndProject
Global
	GlobalSection(SolutionConfigurationPlatforms) = preSolution
		Debug|x64 = Debug|x64
		Debug|x86 = Debug|x86
		Release|x64 = Release|x64
		Release|x86 = Release|x86
	EndGlobalSection
	GlobalSection(ProjectConfigurationPlatforms) = postSolution
		{BDC319D7-11AA-457B-81CD-18C828420FF3}.Debug|x64.ActiveCfg = Debug|x64
		{BDC319D7-11AA-457B-81CD-18C828420FF3}.Debug|x64.Build.0 = Debug|x64
		{BDC319D7-11AA-457B-81CD-18C828420FF3}.Debug|x86.ActiveCfg = Debug|Win32
		{BDC319D7-11AA-457B-81CD-18C828420FF3}.Debug|x86.Build.0 = Debug|Win32
		{BDC319D7-11AA-457B-81CD-18C828420FF3}.Release|x64.ActiveCfg = Release|x64
		{BDC319D7-11AA-457B-81CD-18C828420FF3}.Release|x64.Build.0 = Release|x64
		{BDC319D7-11AA-457B-81CD-18C828420FF3}.Release|x86.ActiveCfg = Release|Win32
		{BDC319D7-11AA-457B-81CD-18C828420FF3}.Release|x86.Build.0 = Release|Win32
		{09A15122-DEDA-49BA-AFBD-DE38A2DE3749}.Debug|x64.ActiveCfg = Debug|x64
		{09A15122-DEDA-49BA-AFBD-DE38A2DE3749}.Debug|x64.Build.0 = Debug|x64
		{09A15122-DEDA-49BA-AFBD-DE38A2DE3749}.Debug|x86.ActiveCfg = Debug|Win32
		{09A15122-DEDA-49BA-AFBD-DE38A2DE3749}.Debug|x86.Build.0 = Debug|Win32
		{09A15122-DEDA-49BA-AFBD-DE38A2DE3749}.Release|x64.ActiveCfg = Release|x64
		{09A15122-DEDA-49BA-AFBD-DE38A2DE3749}.Release|x64.Build.0 = Release|x64
		{09A15122-DEDA-49BA-AFBD-DE38A2DE3749}.Release|x86.ActiveCfg = Release|Win32
		{09A15122-DEDA-49BA-AFBD-DE38A2DE3749}.Release|x86.Build.0 = Release|Win32
		{8276302A-86E8-4DA1-8AF0-19F508945E39}.Debug|x64.ActiveCfg = Debug|x64
		{8276302A-86E8-4DA1-8AF0-19F508945E39}.Debug|x64.Build.0 = Debug|x64
		{8276302A-86E8-4DA1-8AF0-19F508945E39}.Debug|x86.ActiveCfg = Debug|Win32
		{8276302A-86E8-4DA1-8AF0-19F508945E39}.Debug|x86.Build.0 = Debug|Win32
		{8276302A-86E8-4DA1-8AF0-19F508945E39}.Release|x64.ActiveCfg = Release|x64
		{8276302A-86E8-4DA1-8AF0-19F508945E39}.Release|x64.Build.0 = Release|x64
		{8276302A-86E8-4DA1-8AF0-19F508945E39}.Release|x86.ActiveCfg = Release|Win32
		{8276302A-86E8-4DA1-8AF0-19F508945E39}.Release|x86.Build.0 = Release|Win32
		{6689644D-2381-4053-94CD-4B5141E0E10E}.Debug|x64.ActiveCfg = Debug|x64
		{6689644D-2381-4053-94CD-4B5141E0E10E}.Debug|x64.Build.0 = Debug|x64
		{6689644D-2381-4053-94CD-4B5141E0E10E}.Debug|x86.ActiveCfg = Debug|Win32
		{6689644D-2381-4053-94CD-4B5141E0E10E}.Debug|x86.Build.0 = Debug|Win32
		{6689644D-2381-4053-94CD-4B5141E0E10E}.Release|x64.ActiveCfg = Release|x64
		{6689644D-2381-4053-94CD-4B5141E0E10E}.Release|x64.Build.0 = Release|x64
		{6689644D-2381-4053-94CD-4B5141E0E10E}.Release|x86.ActiveCfg = Release|Win32
		{6689644D-2381-4053-94CD-4B5141E0E10E}.Release|x86.Build.0 = Release|Win32
		{585E564A-CE35-4BE6-9F94-0EC429753013}.Debug|x64.ActiveCfg = Debug|x64
		{585E564A-CE35-4BE6-9F94-0EC429753013}.Debug|x64.Build.0 = Debug|x64
		{585E564A-CE35-4BE6-9F94-0EC429753013}.Debug|x86.ActiveCfg = Debug|Win32
		{585E564A-CE35-4BE6-9F94-0EC429753013}.Debug|x86.Build.0 = Debug|Win32
		{585E564A-CE35-4BE6-9F94-0EC429753013}.Release|x64.ActiveCfg = Release|x64
		{585E564A-CE35-4BE6-9F94-0EC429753013}.Release|x64.Build.0 = Release|x64
		{585E564A-CE35-4BE6-9F94-0EC429753013}.Release|x86.ActiveCfg = Release|Win32
		{585E564A-CE35-4BE6-9F94-0EC429753013}.Release|x86.Build.0 = Release|Win32
		{836D4952-8A10-41D0-89C8-4DA59F583CB4}.Debug|x64.ActiveCfg = Debug|x64
		{836D4952-8A10-41D0-89C8-4DA59F583CB4}.Debug|x64.Build.0 = Debug|x64
		{836D4952-8A10-41D0-89C8-4DA59F583CB4}.Debug|x86.ActiveCfg = Debug|Win32
		{836D4952-8A10-41D0-89C8-4DA59F583CB4}.Debug|x86.Build.0 = Debug|Win32
		{836D4952-8A10-41D0-89C8-4DA59F583CB4}.Release|x64.ActiveCfg = Release|x64
		{836D4952-8A10-41D0-89C8-4DA59F583CB4}.Release|x64.Build.0 = Release|x64
		{836D4952-8A10-41D0-89C8-4DA59F583CB4}.Release|x86.ActiveCfg = Release|Win32
		{836D4952-8A10-41D0-89C8-4DA59F583CB4}.Release|x86.Build.0 = Release|Win32
		{8DD59A34-64CE-44A4-8E6E-88B0EA930D1A}.Debug|x64.ActiveCfg = Debug|x64
		{8DD59A34-64CE-44A4-8E6E-88B0EA930D1A}.Debug|x64.Build.0 = Debug|x64
		{8DD59A34-64CE-44A4-8E6E-88B0EA930D1A}.Debug|x86.ActiveCfg = Debug|Win32
		{8DD59A34-64CE-44A4-8E6E-88B0EA930D1A}.Debug|x86.Build.0 = Debug|Win32
		{8DD59A34-64CE-44A4-8E6E-88B0EA930D1A}.Release|x64.ActiveCfg = Release|x64
		{8DD59A34-64CE-44A4-8E6E-88B0EA930D1A}.Release|x64.Build.0 = Release|x64
		{8DD59A34-64CE-44A4-8E6E-88B0EA930D1A}.Release|x86.ActiveCfg = Release|Win32
		{8DD59A34-64CE-44A4-8E6E-88B0EA930D1A}.Release|x86.Build.0 = Release|Win32
		{3E010EAE-1EA7-4284-81BC-6C231C061F7C}.Debug|x64.ActiveCfg = Debug|x64
		{3E010EAE-1EA7-4284-81BC-6C231C061F7C}.Debug|x64.Build.0 = Debug|x64
		{3E010EAE-1EA7-4284-81BC-6C231C061F7C}.Debug|x86.ActiveCfg = Debug|Win32
		{3E010EAE-1EA7-4284-81BC-6C231C061F7C}.Debug|x86.Build.0 = Debug|Win32
		{3E010EAE-1EA7-4284-81BC-6C231C061F7C}.Release|x64.ActiveCfg = Release|x64
		{3E010EAE-1EA7-4284-81BC-6C231C061F7C}.Release|x64.Build.0 = Release|x64
		{3E010EAE-1EA7-4284-81BC-6C231C061F7C}.Release|x86.ActiveCfg = Release|Win32
		{3E010EAE-1EA7-4284-81BC-6C231C061F7C}.Release|x86.Build.0 = Release|Win32
		{0FFD45CB-7E1D-4C59-BBB7-849B6619029C}.Debug|x64.ActiveCfg = Debug|x64
		{0FFD45CB-7E1D-4C59-BBB7-849B6619029C}.Debug|x64.Build.0 = Debug|x64
		{0FFD45CB-7E1D-4C59-BBB7-849B6619029C}.Debug|x86.ActiveCfg = Debug|Win32
		{0FFD45CB-7E1D-4C59-BBB7-849B6619029C}.Debug|x86.Build.0 = Debug|Win32
		{0FFD45CB-7E1D-4C59-BBB7-849B6619029C}.Release|x64.ActiveCfg = Release|x64
		{0FFD45CB-7E1D-4C59-BBB7-849B6619029C}.Release|x64.Build.0 = Release|x64
		{0FFD45CB-7E1D-4C59-BBB7-849B6619029C}.Release|x86.ActiveCfg = Release|Win32
		{0FFD45CB-7E1D-4C59-BBB7-849B6619029C}.Release|x86.Build.0 = Release|Win32
		{D556F5D4-D6B2-407F-A494-0B9A9FDD000B}.Debug|x64.ActiveCfg = Debug|x64
		{D556F5D4-D6B2-407F-A494-0B9A9FDD000B}.Debug|x64.Build.0 = Debug|x64
		{D556F5D4-D6B2-407F-A494-0B9A9FDD000B}.Debug|x86.ActiveCfg = Debug|Win32
		{D556F5D4-D6B2-407F-A494-0B9A9FDD000B}.Debug|x86.Build.0 = Debug|Win32
		{D556F5D4-D6B2-407F-A494-0B9A9FDD000B}.Release|x64.ActiveCfg = Release|x64
		{D556F5D4-D6B2-407F-A494-0B9A9FDD000B}.Release|x64.Build.0 = Release|x64
		{D556F5D4-D6B2-407F-A494-0B9A9FDD000B}.Release|x86.ActiveCfg = Release|Win32
		{D556F5D4-D6B2-407F-A494-0B9A9FDD000B}.Release|x86.Build.0 = Release|Win32
		{EA1275EC-80D2-476D-B495-33A506CF5BBB}.Debug|x64.ActiveCfg = Debug|x64
		{EA1275EC-80D2-476D-B495-33A506CF5BBB}.Debug|x64.Build.0 = Debug|x64
		{EA1275EC-80D2-476D-B495-33A506CF5BBB}.Debug|x86.ActiveCfg = Debug|Win32
		{EA1275EC-80D2-476D-B495-33A506CF5BBB}.Debug|x86.Build.0 = Debug|Win32
		{EA1275EC-80D2-476D-B495-33A506CF5BBB}.Release|x64.ActiveCfg = Release|x64
		{EA1275EC-80D2-476D-B495-33A506CF5BBB}.Release|x64.Build.0 = Release|x64
		{EA1275EC-80D2-476D-B495-33A506CF5BBB}.Release|x86.ActiveCfg = Release|Win32
		{EA1275EC-80D2-476D-B495-33A506CF5BBB}.Release|x86.Build.0 = Release|Win32
		{D069D4BA-AF0A-4A1B-BB8B-AD5F7D845F10}.Debug|x64.ActiveCfg = Debug|x64
		{D069D4BA-AF0A-4A1B-BB8B-AD5F7D845F10}.Debug|x64.Build.0 = Debug|x64
		{D069D4BA-AF0A-4A1B-BB8B-AD5F7D845F10}.Debug|x86.ActiveCfg = Debug|Win32
		{D069D4BA-AF0A-4A1B-BB8B-AD5F7D845F10}.Debug|x86.Build.0 = Debug|Win32
		{D069D4BA-AF0A-4A1B-BB8B-AD5F7D845F10}.Release|x64.ActiveCfg = Release|x64
		{D069D4BA-AF0A-4A1B-BB8B-AD5F7D845F10}.Release|x64.Build.0 = Release|x64
		{D069D4BA-AF0A-4A1B-BB8B-AD5F7D845F10}.Release|x86.ActiveCfg = Release|Win32
		{D069D4BA-AF0A-4A1B-BB8B-AD5F7D845F10}.Release|x86.Build.0 = Release|Win32
		{4FA78259-AD42-4FAD-BC20-A8737DCC97B0}.Debug|x64.ActiveCfg = Debug|x64
		{4FA78259-AD42-4FAD-BC20-A8737DCC97B0}.Debug|x64.Build.0 = Debug|x64
		{4FA78259-AD42-4FAD-BC20-A8737DCC97B0}.Debug|x86.ActiveCfg = Debug|Win32
		{4FA78259-AD42-4FAD-BC20-A8737DCC97B0}.Debug|x86.Build.0 = Debug|Win32
		{4FA78259-AD42-4FAD-BC20-A8737DCC97B0}.Release|x64.ActiveCfg = Release|x64
		{4FA78259-AD42-4FAD-BC20-A8737DCC97B0}.Release|x64.Build.0 = Release|x64
		{4FA78259-AD42-4FAD-BC20-A8737DCC97B0}.Release|x86.ActiveCfg = Release|Win32
		{4FA78259-AD42-4FAD-BC20-A8737DCC97B0}.Release|x86.Build.0 = Release|Win32
		{4C1EB00D-99CD-4744-87C9-FACD4CF57622}.Debug|x64.ActiveCfg = Debug|x64
		{4C1EB00D-99CD-4744-87C9-FACD4CF57622}.Debug|x64.Build.0 = Debug|x64
		{4C1EB00D-99CD-4744-87C9-FACD4CF57622}.Debug|x86.ActiveCfg = Debug|Win32
		{4C1EB00D-99CD-4744-87C9-FACD4CF57622}.Debug|x86.Build.0 = Debug|Win32
		{4C1EB00D-99CD-4744-87C9-FACD4CF57622}.Release|x64.ActiveCfg = Release|x64
		{4C1EB00D-99CD-4744-87C9-FACD4CF57622}.Release|x64.Build.0 = Release|x64
		{4C1EB00D-99CD-4744-87C9-FACD4CF57622}.Release|x86.ActiveCfg = Release|Win32
		{4C1EB00D-99CD-4744-87C9-FACD4CF57622}.Release|x86.Build.0 = Release|Win32
		{AF2A91A8-274E-441C-B5B5-80869C582049}.Debug|x64.ActiveCfg = Debug|x64
		{AF2A91A8-274E-441C-B5B5-80869C582049}.Debug|x64.Build.0 = Debug|x64
		{AF2A91A8-274E-441C-B5B5-80869C582049}.Debug|x86.ActiveCfg = Debug|Win32
		{AF2A91A8-274E-441C-B5B5-80869C582049}.Debug|x86.Build.0 = Debug|Win32
		{AF2A91A8-274E-441C-B5B5-80869C582049}.Release|x64.ActiveCfg = Release|x64
		{AF2A91A8-274E-441C-B5B5-80869C582049}.Release|x64.Build.0 = Release|x64
		{AF2A91A8-274E-441C-B5B5-80869C582049}.Release|x86.ActiveCfg = Release|Win32
		{AF2A91A8-274E-441C-B5B5-80869C582049}.Release|x86.Build.0 = Release|Win32
		{4932DD0C-DDB5-46A2-917A-688796132221}.Debug|x64.ActiveCfg = Debug|x64
		{4932DD0C-DDB5-46A2-917A-688796132221}.Debug|x64.Build.0 = Debug|x64
		{4932DD0C-DDB5-46A2-917A-688796132221}.Debug|x86.ActiveCfg = Debug|Win32
		{4932DD0C-DDB5-46A2-917A-688796132221}.Debug|x86.Build.0 = Debug|Win32
		{4932DD0C-DDB5-46A2-917A-688796132221}.Release|x64.ActiveCfg = Release|x64
		{4932DD0C-DDB5-46A2-917A-688796132221}.Release|x64.Build.0 = Release|x64
		{4932DD0C-DDB5-46A2-917A-688796132221}.Release|x86.ActiveCfg = Release|Win32
		{4932DD0C-DDB5-46A2-917A-688796132221}.Release|x86.Build.0 = Release|Win32
		{10B491CE-3698-4ADA-98E3-6E7B1433C8DE}.Debug|x64.ActiveCfg = Debug|x64
		{10B491CE-3698-4ADA-98E3-6E7B1433C8DE}.Debug|x64.Build.0 = Debug|x64
		{10B491CE-3698-4ADA-98E3-6E7B1433C8DE}.Debug|x86.ActiveCfg = Debug|Win32
		{10B491CE-3698-4ADA-98E3-6E7B1433C8DE}.Debug|x86.Build.0 = Debug|Win32
		{10B491CE-3698-4ADA-98E3-6E7B1433C8DE}.Release|x64.ActiveCfg = Release|x64
		{10B491CE-3698-4ADA-98E3-6E7B1433C8DE}.Release|x64.Build.0 = Release|x64
		{10B491CE-3698-4ADA-98E3-6E7B1433C8DE}.Release|x86.ActiveCfg = Release|Win32
		{10B491CE-3698-4ADA-98E3-6E7B1433C8DE}.Release|x86.Build.0 = Release|Win32
		{83194906-84CC-4297-9B85-2FDEF66013E0}.Debug|x64.ActiveCfg = Debug|x64
		{83194906-84CC-4297-9B85-2FDEF66013E0}.Debug|x64.Build.0 = Debug|x64
		{83194906-84CC-4297-9B85-2FDEF66013E0}.Debug|x86.ActiveCfg = Debug|Win32
		{83194906-84CC-4297-9B85-2FDEF66013E0}.Debug|x86.Build.0 = Debug|Win32
		{83194906-84CC-4297-9B85-2FDEF66013E0}.Release|x64.ActiveCfg = Release|x64
		{83194906-84CC-4297-9B85-2FDEF66013E0}.Release|x64.Build.0 = Release|x64
		{83194906-84CC-4297-9B85-2FDEF66013E0}.Release|x86.ActiveCfg = Release|Win32
		{83194906-84CC-4297-9B85-2FDEF66013E0}.Release|x86.Build.0 = Release|Win32
		{65A6B183-9C35-4ABB-95BA-8316419C16B6}.Debug|x64.ActiveCfg = Debug|x64
		{65A6B183-9C35-4ABB-95BA-8316419C16B6}.Debug|x64.Build.0 = Debug|x64
		{65A6B183-9C35-4ABB-95BA-8316419C16B6}.Debug|x86.ActiveCfg = Debug|Win32
		{65A6B183-9C35-4ABB-95BA-8316419C16B6}.Debug|x86.Build.0 = Debug|Win32
		{65A6B183-9C35-4ABB-95BA-8316419C16B6}.Release|x64.ActiveCfg = Release|x64
		{65A6B183-9C35-4ABB-95BA-8316419C16B6}.Release|x64.Build.0 = Release|x64
		{65A6B183-9C35-4ABB-95BA-8316419C16B6}.Release|x86.ActiveCfg = Release|Win32
		{65A6B183-9C35-4ABB-95BA-8316419C16B6}.Release|x86.Build.0 = Release|Win32
		{02C8507C-7FD9-429F-90B9-05DE268E9830}.Debug|x64.ActiveCfg = Debug|x64
		{02C8507C-7FD9-429F-90B9-05DE268E9830}.Debug|x64.Build.0 = Debug|x64
		{02C8507C-7FD9-429F-90B9-05DE268E9830}.Debug|x86.ActiveCfg = Debug|Win32
		{02C8507C-7FD9-429F-90B9-05DE268E9830}.Debug|x86.Build.0 = Debug|Win32
		{02C8507C-7FD9-429F-90B9-05DE268E9830}.Release|x64.ActiveCfg = Release|x64
		{02C8507C-7FD9-429F-90B9-05DE268E9830}.Release|x64.Build.0 = Release|x64
		{02C8507C-7FD9-429F-90B9-05DE268E9830}.Release|x86.ActiveCfg = Release|Win32
		{02C8507C-7FD9-429F-90B9-05DE268E9830}.Release|x86.Build.0 = Release|Win32
		{DB60416B-D30C-404A-BB89-97BC2E21BEAE}.Debug|x64.ActiveCfg = Debug|x64
		{DB60416B-D30C-404A-BB89-97BC2E21BEAE}.Debug|x64.Build.0 = Debug|x64
		{DB60416B-D30C-404A-BB89-97BC2E21BEAE}.Debug|x86.ActiveCfg = Debug|Win32
		{DB60416B-D30C-404A-BB89-97BC2E21BEAE}.Debug|x86.Build.0 = Debug|Win32
		{DB60416B-D30C-404A-BB89-97BC2E21BEAE}.Release|x64.ActiveCfg = Release|x64
		{DB60416B-D30C-404A-BB89-97BC2E21BEAE}.Release|x64.Build.0 = Release|x64
		{DB60416B-D30C-404A-BB89-97BC2E21BEAE}.Release|x86.ActiveCfg = Release|Win32
		{DB60416B-D30C-404A-BB89-97BC2E21BEAE}.Release|x86.Build.0 = Release|Win32
	EndGlobalSection
	GlobalSection(SolutionProperties) = preSolution
		HideSolutionNode = FALSE
	EndGlobalSection
	GlobalSection(NestedProjects) = preSolution
		{BDC319D7-11AA-457B-81CD-18C828420FF3} = {4D0E6888-50F6-4FDF-8AF0-8918B3D0A6F0}
		{09A15122-DEDA-49BA-AFBD-DE38A2DE3749} = {4D0E6888-50F6-4FDF-8AF0-8918B3D0A6F0}
		{8276302A-86E8-4DA1-8AF0-19F508945E39} = {4D0E6888-50F6-4FDF-8AF0-8918B3D0A6F0}
		{6689644D-2381-4053-94CD-4B5141E0E10E} = {4D0E6888-50F6-4FDF-8AF0-8918B3D0A6F0}
		{585E564A-CE35-4BE6-9F94-0EC429753013} = {4D0E6888-50F6-4FDF-8AF0-8918B3D0A6F0}
		{836D4952-8A10-41D0-89C8-4DA59F583CB4} = {4D0E6888-50F6-4FDF-8AF0-8918B3D0A6F0}
		{8DD59A34-64CE-44A4-8E6E-88B0EA930D1A} = {4D0E6888-50F6-4FDF-8AF0-8918B3D0A6F0}
		{3E010EAE-1EA7-4284-81BC-6C231C061F7C} = {4D0E6888-50F6-4FDF-8AF0-8918B3D0A6F0}
		{0FFD45CB-7E1D-4C59-BBB7-849B6619029C} = {4D0E6888-50F6-4FDF-8AF0-8918B3D0A6F0}
		{D556F5D4-D6B2-407F-A494-0B9A9FDD000B} = {4D0E6888-50F6-4FDF-8AF0-8918B3D0A6F0}
		{EA1275EC-80D2-476D-B495-33A506CF5BBB} = {4D0E6888-50F6-4FDF-8AF0-8918B3D0A6F0}
		{D069D4BA-AF0A-4A1B-BB8B-AD5F7D845F10} = {8D84211D-7865-4985-AE06-0CABB572576F}
		{4FA78259-AD42-4FAD-BC20-A8737DCC97B0} = {8D84211D-7865-4985-AE06-0CABB572576F}
		{4C1EB00D-99CD-4744-87C9-FACD4CF57622} = {8D84211D-7865-4985-AE06-0CABB572576F}
		{AF2A91A8-274E-441C-B5B5-80869C582049} = {8D84211D-7865-4985-AE06-0CABB572576F}
		{4932DD0C-DDB5-46A2-917A-688796132221} = {8D84211D-7865-4985-AE06-0CABB572576F}
		{10B491CE-3698-4ADA-98E3-6E7B1433C8DE} = {8D84211D-7865-4985-AE06-0CABB572576F}
		{83194906-84CC-4297-9B85-2FDEF66013E0} = {8D84211D-7865-4985-AE06-0CABB572576F}
		{65A6B183-9C35-4ABB-95BA-8316419C16B6} = {8D84211D-7865-4985-AE06-0CABB572576F}
		{02C8507C-7FD9-429F-90B9-05DE268E9830} = {8D84211D-7865-4985-AE06-0CABB572576F}
		{DB60416B-D30C-404A-BB89-97BC2E21BEAE} = {8D84211D-7865-4985-AE06-0CABB572576F}
	EndGlobalSection
	GlobalSection(ExtensibilityGlobals) = postSolution
		SolutionGuid = {025C6DBE-6313-430A-88D5-153C3AFC2EA7}
	EndGlobalSection
EndGlobal
