
Microsoft Visual Studio Solution File, Format Version 12.00
# Visual Studio Version 16
VisualStudioVersion = 16.0.31624.102
MinimumVisualStudioVersion = 10.0.40219.1
Project("{8BC9CEB8-8B4A-11D0-8D11-00A0C91BC942}") = "1", "1\1.vcxproj", "{68DF6BFA-41A7-4867-A040-13485F9AF36D}"
EndProject
Project("{8BC9CEB8-8B4A-11D0-8D11-00A0C91BC942}") = "2", "2\2.vcxproj", "{4FFC9C6F-6A0A-46CB-8099-225B0B17DF86}"
EndProject
Project("{8BC9CEB8-8B4A-11D0-8D11-00A0C91BC942}") = "3", "3\3.vcxproj", "{5E315F8E-35B8-4E4B-A11C-AC286A1F0742}"
EndProject
Project("{8BC9CEB8-8B4A-11D0-8D11-00A0C91BC942}") = "test", "test\test.vcxproj", "{042AC140-91E1-438E-978E-5A4CC8A8B39D}"
EndProject
Project("{8BC9CEB8-8B4A-11D0-8D11-00A0C91BC942}") = "4", "4\4.vcxproj", "{25164965-D058-4789-B6F0-9B46E2E107CC}"
EndProject
Project("{8BC9CEB8-8B4A-11D0-8D11-00A0C91BC942}") = "5", "5\5.vcxproj", "{B3A0D964-5497-4733-AC3D-F7691BBA4A64}"
EndProject
Project("{8BC9CEB8-8B4A-11D0-8D11-00A0C91BC942}") = "6", "6\6.vcxproj", "{357C6D44-962A-4A08-BF24-51448CC49977}"
EndProject
Project("{8BC9CEB8-8B4A-11D0-8D11-00A0C91BC942}") = "7", "7\7.vcxproj", "{27E045FD-57DC-4F2F-B302-660CB75765D8}"
EndProject
Project("{8BC9CEB8-8B4A-11D0-8D11-00A0C91BC942}") = "8", "8\8.vcxproj", "{54FE24D3-7A7B-434E-BE44-9276E1DD15C1}"
EndProject
Project("{8BC9CEB8-8B4A-11D0-8D11-00A0C91BC942}") = "9", "9\9.vcxproj", "{1D01CEC7-BC7F-4D6F-9E35-C67BA2674CD8}"
EndProject
Project("{2150E333-8FDC-42A3-9474-1A3956D46DE8}") = "Task", "Task", "{4026ADB6-9390-4E6B-AFC5-82D4D0C0AE2D}"
EndProject
Project("{2150E333-8FDC-42A3-9474-1A3956D46DE8}") = "Test", "Test", "{121C32A4-D391-4744-B321-E828089ED4D2}"
EndProject
Project("{8BC9CEB8-8B4A-11D0-8D11-00A0C91BC942}") = "Test1", "Test1\Test1.vcxproj", "{8E68A4E1-4A85-4524-98A2-835BB8BA118E}"
EndProject
Project("{8BC9CEB8-8B4A-11D0-8D11-00A0C91BC942}") = "Test2", "Test2\Test2.vcxproj", "{5D6C1682-5033-49A3-B2F2-81E1391C4ED7}"
EndProject
Project("{8BC9CEB8-8B4A-11D0-8D11-00A0C91BC942}") = "Test3", "Test3\Test3.vcxproj", "{7DA38A40-BCB8-4538-9C23-4490E27A0D55}"
EndProject
Project("{8BC9CEB8-8B4A-11D0-8D11-00A0C91BC942}") = "Test4", "Test4\Test4.vcxproj", "{EB94DC32-E40A-4728-81E5-AA3604512DA0}"
EndProject
Project("{8BC9CEB8-8B4A-11D0-8D11-00A0C91BC942}") = "Test5", "Test5\Test5.vcxproj", "{FC37FD7D-EEE9-4529-8822-3ED559A21405}"
EndProject
Project("{8BC9CEB8-8B4A-11D0-8D11-00A0C91BC942}") = "Test6", "Test6\Test6.vcxproj", "{0D4D670A-905F-4C20-A8EC-3C092269166A}"
EndProject
Project("{8BC9CEB8-8B4A-11D0-8D11-00A0C91BC942}") = "Test7", "Test7\Test7.vcxproj", "{7BE76CEC-6605-45D5-A802-9ED011756728}"
EndProject
Project("{8BC9CEB8-8B4A-11D0-8D11-00A0C91BC942}") = "Test8", "Test8\Test8.vcxproj", "{693D1CC8-F019-4A85-8078-CD56E4C69405}"
EndProject
Project("{8BC9CEB8-8B4A-11D0-8D11-00A0C91BC942}") = "Test9", "Test9\Test9.vcxproj", "{CB8C1D51-D057-4B29-BF71-8E9DD0CCF04B}"
EndProject
Global
	GlobalSection(SolutionConfigurationPlatforms) = preSolution
		Debug|x64 = Debug|x64
		Debug|x86 = Debug|x86
		Release|x64 = Release|x64
		Release|x86 = Release|x86
	EndGlobalSection
	GlobalSection(ProjectConfigurationPlatforms) = postSolution
		{68DF6BFA-41A7-4867-A040-13485F9AF36D}.Debug|x64.ActiveCfg = Debug|x64
		{68DF6BFA-41A7-4867-A040-13485F9AF36D}.Debug|x64.Build.0 = Debug|x64
		{68DF6BFA-41A7-4867-A040-13485F9AF36D}.Debug|x86.ActiveCfg = Debug|Win32
		{68DF6BFA-41A7-4867-A040-13485F9AF36D}.Debug|x86.Build.0 = Debug|Win32
		{68DF6BFA-41A7-4867-A040-13485F9AF36D}.Release|x64.ActiveCfg = Release|x64
		{68DF6BFA-41A7-4867-A040-13485F9AF36D}.Release|x64.Build.0 = Release|x64
		{68DF6BFA-41A7-4867-A040-13485F9AF36D}.Release|x86.ActiveCfg = Release|Win32
		{68DF6BFA-41A7-4867-A040-13485F9AF36D}.Release|x86.Build.0 = Release|Win32
		{4FFC9C6F-6A0A-46CB-8099-225B0B17DF86}.Debug|x64.ActiveCfg = Debug|x64
		{4FFC9C6F-6A0A-46CB-8099-225B0B17DF86}.Debug|x64.Build.0 = Debug|x64
		{4FFC9C6F-6A0A-46CB-8099-225B0B17DF86}.Debug|x86.ActiveCfg = Debug|Win32
		{4FFC9C6F-6A0A-46CB-8099-225B0B17DF86}.Debug|x86.Build.0 = Debug|Win32
		{4FFC9C6F-6A0A-46CB-8099-225B0B17DF86}.Release|x64.ActiveCfg = Release|x64
		{4FFC9C6F-6A0A-46CB-8099-225B0B17DF86}.Release|x64.Build.0 = Release|x64
		{4FFC9C6F-6A0A-46CB-8099-225B0B17DF86}.Release|x86.ActiveCfg = Release|Win32
		{4FFC9C6F-6A0A-46CB-8099-225B0B17DF86}.Release|x86.Build.0 = Release|Win32
		{5E315F8E-35B8-4E4B-A11C-AC286A1F0742}.Debug|x64.ActiveCfg = Debug|x64
		{5E315F8E-35B8-4E4B-A11C-AC286A1F0742}.Debug|x64.Build.0 = Debug|x64
		{5E315F8E-35B8-4E4B-A11C-AC286A1F0742}.Debug|x86.ActiveCfg = Debug|Win32
		{5E315F8E-35B8-4E4B-A11C-AC286A1F0742}.Debug|x86.Build.0 = Debug|Win32
		{5E315F8E-35B8-4E4B-A11C-AC286A1F0742}.Release|x64.ActiveCfg = Release|x64
		{5E315F8E-35B8-4E4B-A11C-AC286A1F0742}.Release|x64.Build.0 = Release|x64
		{5E315F8E-35B8-4E4B-A11C-AC286A1F0742}.Release|x86.ActiveCfg = Release|Win32
		{5E315F8E-35B8-4E4B-A11C-AC286A1F0742}.Release|x86.Build.0 = Release|Win32
		{042AC140-91E1-438E-978E-5A4CC8A8B39D}.Debug|x64.ActiveCfg = Debug|x64
		{042AC140-91E1-438E-978E-5A4CC8A8B39D}.Debug|x64.Build.0 = Debug|x64
		{042AC140-91E1-438E-978E-5A4CC8A8B39D}.Debug|x86.ActiveCfg = Debug|Win32
		{042AC140-91E1-438E-978E-5A4CC8A8B39D}.Debug|x86.Build.0 = Debug|Win32
		{042AC140-91E1-438E-978E-5A4CC8A8B39D}.Release|x64.ActiveCfg = Release|x64
		{042AC140-91E1-438E-978E-5A4CC8A8B39D}.Release|x64.Build.0 = Release|x64
		{042AC140-91E1-438E-978E-5A4CC8A8B39D}.Release|x86.ActiveCfg = Release|Win32
		{042AC140-91E1-438E-978E-5A4CC8A8B39D}.Release|x86.Build.0 = Release|Win32
		{25164965-D058-4789-B6F0-9B46E2E107CC}.Debug|x64.ActiveCfg = Debug|x64
		{25164965-D058-4789-B6F0-9B46E2E107CC}.Debug|x64.Build.0 = Debug|x64
		{25164965-D058-4789-B6F0-9B46E2E107CC}.Debug|x86.ActiveCfg = Debug|Win32
		{25164965-D058-4789-B6F0-9B46E2E107CC}.Debug|x86.Build.0 = Debug|Win32
		{25164965-D058-4789-B6F0-9B46E2E107CC}.Release|x64.ActiveCfg = Release|x64
		{25164965-D058-4789-B6F0-9B46E2E107CC}.Release|x64.Build.0 = Release|x64
		{25164965-D058-4789-B6F0-9B46E2E107CC}.Release|x86.ActiveCfg = Release|Win32
		{25164965-D058-4789-B6F0-9B46E2E107CC}.Release|x86.Build.0 = Release|Win32
		{B3A0D964-5497-4733-AC3D-F7691BBA4A64}.Debug|x64.ActiveCfg = Debug|x64
		{B3A0D964-5497-4733-AC3D-F7691BBA4A64}.Debug|x64.Build.0 = Debug|x64
		{B3A0D964-5497-4733-AC3D-F7691BBA4A64}.Debug|x86.ActiveCfg = Debug|Win32
		{B3A0D964-5497-4733-AC3D-F7691BBA4A64}.Debug|x86.Build.0 = Debug|Win32
		{B3A0D964-5497-4733-AC3D-F7691BBA4A64}.Release|x64.ActiveCfg = Release|x64
		{B3A0D964-5497-4733-AC3D-F7691BBA4A64}.Release|x64.Build.0 = Release|x64
		{B3A0D964-5497-4733-AC3D-F7691BBA4A64}.Release|x86.ActiveCfg = Release|Win32
		{B3A0D964-5497-4733-AC3D-F7691BBA4A64}.Release|x86.Build.0 = Release|Win32
		{357C6D44-962A-4A08-BF24-51448CC49977}.Debug|x64.ActiveCfg = Debug|x64
		{357C6D44-962A-4A08-BF24-51448CC49977}.Debug|x64.Build.0 = Debug|x64
		{357C6D44-962A-4A08-BF24-51448CC49977}.Debug|x86.ActiveCfg = Debug|Win32
		{357C6D44-962A-4A08-BF24-51448CC49977}.Debug|x86.Build.0 = Debug|Win32
		{357C6D44-962A-4A08-BF24-51448CC49977}.Release|x64.ActiveCfg = Release|x64
		{357C6D44-962A-4A08-BF24-51448CC49977}.Release|x64.Build.0 = Release|x64
		{357C6D44-962A-4A08-BF24-51448CC49977}.Release|x86.ActiveCfg = Release|Win32
		{357C6D44-962A-4A08-BF24-51448CC49977}.Release|x86.Build.0 = Release|Win32
		{27E045FD-57DC-4F2F-B302-660CB75765D8}.Debug|x64.ActiveCfg = Debug|x64
		{27E045FD-57DC-4F2F-B302-660CB75765D8}.Debug|x64.Build.0 = Debug|x64
		{27E045FD-57DC-4F2F-B302-660CB75765D8}.Debug|x86.ActiveCfg = Debug|Win32
		{27E045FD-57DC-4F2F-B302-660CB75765D8}.Debug|x86.Build.0 = Debug|Win32
		{27E045FD-57DC-4F2F-B302-660CB75765D8}.Release|x64.ActiveCfg = Release|x64
		{27E045FD-57DC-4F2F-B302-660CB75765D8}.Release|x64.Build.0 = Release|x64
		{27E045FD-57DC-4F2F-B302-660CB75765D8}.Release|x86.ActiveCfg = Release|Win32
		{27E045FD-57DC-4F2F-B302-660CB75765D8}.Release|x86.Build.0 = Release|Win32
		{54FE24D3-7A7B-434E-BE44-9276E1DD15C1}.Debug|x64.ActiveCfg = Debug|x64
		{54FE24D3-7A7B-434E-BE44-9276E1DD15C1}.Debug|x64.Build.0 = Debug|x64
		{54FE24D3-7A7B-434E-BE44-9276E1DD15C1}.Debug|x86.ActiveCfg = Debug|Win32
		{54FE24D3-7A7B-434E-BE44-9276E1DD15C1}.Debug|x86.Build.0 = Debug|Win32
		{54FE24D3-7A7B-434E-BE44-9276E1DD15C1}.Release|x64.ActiveCfg = Release|x64
		{54FE24D3-7A7B-434E-BE44-9276E1DD15C1}.Release|x64.Build.0 = Release|x64
		{54FE24D3-7A7B-434E-BE44-9276E1DD15C1}.Release|x86.ActiveCfg = Release|Win32
		{54FE24D3-7A7B-434E-BE44-9276E1DD15C1}.Release|x86.Build.0 = Release|Win32
		{1D01CEC7-BC7F-4D6F-9E35-C67BA2674CD8}.Debug|x64.ActiveCfg = Debug|x64
		{1D01CEC7-BC7F-4D6F-9E35-C67BA2674CD8}.Debug|x64.Build.0 = Debug|x64
		{1D01CEC7-BC7F-4D6F-9E35-C67BA2674CD8}.Debug|x86.ActiveCfg = Debug|Win32
		{1D01CEC7-BC7F-4D6F-9E35-C67BA2674CD8}.Debug|x86.Build.0 = Debug|Win32
		{1D01CEC7-BC7F-4D6F-9E35-C67BA2674CD8}.Release|x64.ActiveCfg = Release|x64
		{1D01CEC7-BC7F-4D6F-9E35-C67BA2674CD8}.Release|x64.Build.0 = Release|x64
		{1D01CEC7-BC7F-4D6F-9E35-C67BA2674CD8}.Release|x86.ActiveCfg = Release|Win32
		{1D01CEC7-BC7F-4D6F-9E35-C67BA2674CD8}.Release|x86.Build.0 = Release|Win32
		{8E68A4E1-4A85-4524-98A2-835BB8BA118E}.Debug|x64.ActiveCfg = Debug|x64
		{8E68A4E1-4A85-4524-98A2-835BB8BA118E}.Debug|x64.Build.0 = Debug|x64
		{8E68A4E1-4A85-4524-98A2-835BB8BA118E}.Debug|x86.ActiveCfg = Debug|Win32
		{8E68A4E1-4A85-4524-98A2-835BB8BA118E}.Debug|x86.Build.0 = Debug|Win32
		{8E68A4E1-4A85-4524-98A2-835BB8BA118E}.Release|x64.ActiveCfg = Release|x64
		{8E68A4E1-4A85-4524-98A2-835BB8BA118E}.Release|x64.Build.0 = Release|x64
		{8E68A4E1-4A85-4524-98A2-835BB8BA118E}.Release|x86.ActiveCfg = Release|Win32
		{8E68A4E1-4A85-4524-98A2-835BB8BA118E}.Release|x86.Build.0 = Release|Win32
		{5D6C1682-5033-49A3-B2F2-81E1391C4ED7}.Debug|x64.ActiveCfg = Debug|x64
		{5D6C1682-5033-49A3-B2F2-81E1391C4ED7}.Debug|x64.Build.0 = Debug|x64
		{5D6C1682-5033-49A3-B2F2-81E1391C4ED7}.Debug|x86.ActiveCfg = Debug|Win32
		{5D6C1682-5033-49A3-B2F2-81E1391C4ED7}.Debug|x86.Build.0 = Debug|Win32
		{5D6C1682-5033-49A3-B2F2-81E1391C4ED7}.Release|x64.ActiveCfg = Release|x64
		{5D6C1682-5033-49A3-B2F2-81E1391C4ED7}.Release|x64.Build.0 = Release|x64
		{5D6C1682-5033-49A3-B2F2-81E1391C4ED7}.Release|x86.ActiveCfg = Release|Win32
		{5D6C1682-5033-49A3-B2F2-81E1391C4ED7}.Release|x86.Build.0 = Release|Win32
		{7DA38A40-BCB8-4538-9C23-4490E27A0D55}.Debug|x64.ActiveCfg = Debug|x64
		{7DA38A40-BCB8-4538-9C23-4490E27A0D55}.Debug|x64.Build.0 = Debug|x64
		{7DA38A40-BCB8-4538-9C23-4490E27A0D55}.Debug|x86.ActiveCfg = Debug|Win32
		{7DA38A40-BCB8-4538-9C23-4490E27A0D55}.Debug|x86.Build.0 = Debug|Win32
		{7DA38A40-BCB8-4538-9C23-4490E27A0D55}.Release|x64.ActiveCfg = Release|x64
		{7DA38A40-BCB8-4538-9C23-4490E27A0D55}.Release|x64.Build.0 = Release|x64
		{7DA38A40-BCB8-4538-9C23-4490E27A0D55}.Release|x86.ActiveCfg = Release|Win32
		{7DA38A40-BCB8-4538-9C23-4490E27A0D55}.Release|x86.Build.0 = Release|Win32
		{EB94DC32-E40A-4728-81E5-AA3604512DA0}.Debug|x64.ActiveCfg = Debug|x64
		{EB94DC32-E40A-4728-81E5-AA3604512DA0}.Debug|x64.Build.0 = Debug|x64
		{EB94DC32-E40A-4728-81E5-AA3604512DA0}.Debug|x86.ActiveCfg = Debug|Win32
		{EB94DC32-E40A-4728-81E5-AA3604512DA0}.Debug|x86.Build.0 = Debug|Win32
		{EB94DC32-E40A-4728-81E5-AA3604512DA0}.Release|x64.ActiveCfg = Release|x64
		{EB94DC32-E40A-4728-81E5-AA3604512DA0}.Release|x64.Build.0 = Release|x64
		{EB94DC32-E40A-4728-81E5-AA3604512DA0}.Release|x86.ActiveCfg = Release|Win32
		{EB94DC32-E40A-4728-81E5-AA3604512DA0}.Release|x86.Build.0 = Release|Win32
		{FC37FD7D-EEE9-4529-8822-3ED559A21405}.Debug|x64.ActiveCfg = Debug|x64
		{FC37FD7D-EEE9-4529-8822-3ED559A21405}.Debug|x64.Build.0 = Debug|x64
		{FC37FD7D-EEE9-4529-8822-3ED559A21405}.Debug|x86.ActiveCfg = Debug|Win32
		{FC37FD7D-EEE9-4529-8822-3ED559A21405}.Debug|x86.Build.0 = Debug|Win32
		{FC37FD7D-EEE9-4529-8822-3ED559A21405}.Release|x64.ActiveCfg = Release|x64
		{FC37FD7D-EEE9-4529-8822-3ED559A21405}.Release|x64.Build.0 = Release|x64
		{FC37FD7D-EEE9-4529-8822-3ED559A21405}.Release|x86.ActiveCfg = Release|Win32
		{FC37FD7D-EEE9-4529-8822-3ED559A21405}.Release|x86.Build.0 = Release|Win32
		{0D4D670A-905F-4C20-A8EC-3C092269166A}.Debug|x64.ActiveCfg = Debug|x64
		{0D4D670A-905F-4C20-A8EC-3C092269166A}.Debug|x64.Build.0 = Debug|x64
		{0D4D670A-905F-4C20-A8EC-3C092269166A}.Debug|x86.ActiveCfg = Debug|Win32
		{0D4D670A-905F-4C20-A8EC-3C092269166A}.Debug|x86.Build.0 = Debug|Win32
		{0D4D670A-905F-4C20-A8EC-3C092269166A}.Release|x64.ActiveCfg = Release|x64
		{0D4D670A-905F-4C20-A8EC-3C092269166A}.Release|x64.Build.0 = Release|x64
		{0D4D670A-905F-4C20-A8EC-3C092269166A}.Release|x86.ActiveCfg = Release|Win32
		{0D4D670A-905F-4C20-A8EC-3C092269166A}.Release|x86.Build.0 = Release|Win32
		{7BE76CEC-6605-45D5-A802-9ED011756728}.Debug|x64.ActiveCfg = Debug|x64
		{7BE76CEC-6605-45D5-A802-9ED011756728}.Debug|x64.Build.0 = Debug|x64
		{7BE76CEC-6605-45D5-A802-9ED011756728}.Debug|x86.ActiveCfg = Debug|Win32
		{7BE76CEC-6605-45D5-A802-9ED011756728}.Debug|x86.Build.0 = Debug|Win32
		{7BE76CEC-6605-45D5-A802-9ED011756728}.Release|x64.ActiveCfg = Release|x64
		{7BE76CEC-6605-45D5-A802-9ED011756728}.Release|x64.Build.0 = Release|x64
		{7BE76CEC-6605-45D5-A802-9ED011756728}.Release|x86.ActiveCfg = Release|Win32
		{7BE76CEC-6605-45D5-A802-9ED011756728}.Release|x86.Build.0 = Release|Win32
		{693D1CC8-F019-4A85-8078-CD56E4C69405}.Debug|x64.ActiveCfg = Debug|x64
		{693D1CC8-F019-4A85-8078-CD56E4C69405}.Debug|x64.Build.0 = Debug|x64
		{693D1CC8-F019-4A85-8078-CD56E4C69405}.Debug|x86.ActiveCfg = Debug|Win32
		{693D1CC8-F019-4A85-8078-CD56E4C69405}.Debug|x86.Build.0 = Debug|Win32
		{693D1CC8-F019-4A85-8078-CD56E4C69405}.Release|x64.ActiveCfg = Release|x64
		{693D1CC8-F019-4A85-8078-CD56E4C69405}.Release|x64.Build.0 = Release|x64
		{693D1CC8-F019-4A85-8078-CD56E4C69405}.Release|x86.ActiveCfg = Release|Win32
		{693D1CC8-F019-4A85-8078-CD56E4C69405}.Release|x86.Build.0 = Release|Win32
		{CB8C1D51-D057-4B29-BF71-8E9DD0CCF04B}.Debug|x64.ActiveCfg = Debug|x64
		{CB8C1D51-D057-4B29-BF71-8E9DD0CCF04B}.Debug|x64.Build.0 = Debug|x64
		{CB8C1D51-D057-4B29-BF71-8E9DD0CCF04B}.Debug|x86.ActiveCfg = Debug|Win32
		{CB8C1D51-D057-4B29-BF71-8E9DD0CCF04B}.Debug|x86.Build.0 = Debug|Win32
		{CB8C1D51-D057-4B29-BF71-8E9DD0CCF04B}.Release|x64.ActiveCfg = Release|x64
		{CB8C1D51-D057-4B29-BF71-8E9DD0CCF04B}.Release|x64.Build.0 = Release|x64
		{CB8C1D51-D057-4B29-BF71-8E9DD0CCF04B}.Release|x86.ActiveCfg = Release|Win32
		{CB8C1D51-D057-4B29-BF71-8E9DD0CCF04B}.Release|x86.Build.0 = Release|Win32
	EndGlobalSection
	GlobalSection(SolutionProperties) = preSolution
		HideSolutionNode = FALSE
	EndGlobalSection
	GlobalSection(NestedProjects) = preSolution
		{68DF6BFA-41A7-4867-A040-13485F9AF36D} = {4026ADB6-9390-4E6B-AFC5-82D4D0C0AE2D}
		{4FFC9C6F-6A0A-46CB-8099-225B0B17DF86} = {4026ADB6-9390-4E6B-AFC5-82D4D0C0AE2D}
		{5E315F8E-35B8-4E4B-A11C-AC286A1F0742} = {4026ADB6-9390-4E6B-AFC5-82D4D0C0AE2D}
		{042AC140-91E1-438E-978E-5A4CC8A8B39D} = {4026ADB6-9390-4E6B-AFC5-82D4D0C0AE2D}
		{25164965-D058-4789-B6F0-9B46E2E107CC} = {4026ADB6-9390-4E6B-AFC5-82D4D0C0AE2D}
		{B3A0D964-5497-4733-AC3D-F7691BBA4A64} = {4026ADB6-9390-4E6B-AFC5-82D4D0C0AE2D}
		{357C6D44-962A-4A08-BF24-51448CC49977} = {4026ADB6-9390-4E6B-AFC5-82D4D0C0AE2D}
		{27E045FD-57DC-4F2F-B302-660CB75765D8} = {4026ADB6-9390-4E6B-AFC5-82D4D0C0AE2D}
		{54FE24D3-7A7B-434E-BE44-9276E1DD15C1} = {4026ADB6-9390-4E6B-AFC5-82D4D0C0AE2D}
		{1D01CEC7-BC7F-4D6F-9E35-C67BA2674CD8} = {4026ADB6-9390-4E6B-AFC5-82D4D0C0AE2D}
		{8E68A4E1-4A85-4524-98A2-835BB8BA118E} = {121C32A4-D391-4744-B321-E828089ED4D2}
		{5D6C1682-5033-49A3-B2F2-81E1391C4ED7} = {121C32A4-D391-4744-B321-E828089ED4D2}
		{7DA38A40-BCB8-4538-9C23-4490E27A0D55} = {121C32A4-D391-4744-B321-E828089ED4D2}
		{EB94DC32-E40A-4728-81E5-AA3604512DA0} = {121C32A4-D391-4744-B321-E828089ED4D2}
		{FC37FD7D-EEE9-4529-8822-3ED559A21405} = {121C32A4-D391-4744-B321-E828089ED4D2}
		{0D4D670A-905F-4C20-A8EC-3C092269166A} = {121C32A4-D391-4744-B321-E828089ED4D2}
		{7BE76CEC-6605-45D5-A802-9ED011756728} = {121C32A4-D391-4744-B321-E828089ED4D2}
		{693D1CC8-F019-4A85-8078-CD56E4C69405} = {121C32A4-D391-4744-B321-E828089ED4D2}
		{CB8C1D51-D057-4B29-BF71-8E9DD0CCF04B} = {121C32A4-D391-4744-B321-E828089ED4D2}
	EndGlobalSection
	GlobalSection(ExtensibilityGlobals) = postSolution
		SolutionGuid = {2741AA8B-5ECA-4DF8-B6DE-7A1CBB3E3371}
	EndGlobalSection
EndGlobal
