
Microsoft Visual Studio Solution File, Format Version 12.00
# Visual Studio Version 17
VisualStudioVersion = 17.1.32210.238
MinimumVisualStudioVersion = 10.0.40219.1
Project("{888888A0-9F3D-457C-B088-3A5042F75D52}") = "lab7", "lab7.pyproj", "{EBBB866B-62BE-4E96-B648-EBB9FFAA8CB5}"
EndProject
Global
	GlobalSection(SolutionConfigurationPlatforms) = preSolution
		Debug|Any CPU = Debug|Any CPU
		Release|Any CPU = Release|Any CPU
	EndGlobalSection
	GlobalSection(ProjectConfigurationPlatforms) = postSolution
		{EBBB866B-62BE-4E96-B648-EBB9FFAA8CB5}.Debug|Any CPU.ActiveCfg = Debug|Any CPU
		{EBBB866B-62BE-4E96-B648-EBB9FFAA8CB5}.Release|Any CPU.ActiveCfg = Release|Any CPU
	EndGlobalSection
	GlobalSection(SolutionProperties) = preSolution
		HideSolutionNode = FALSE
	EndGlobalSection
	GlobalSection(ExtensibilityGlobals) = postSolution
		SolutionGuid = {4566F5F5-0C96-46F5-B33F-C49ADBD35037}
	EndGlobalSection
EndGlobal
