
Microsoft Visual Studio Solution File, Format Version 12.00
# Visual Studio Version 16
VisualStudioVersion = 16.0.31624.102
MinimumVisualStudioVersion = 10.0.40219.1
Project("{8BC9CEB8-8B4A-11D0-8D11-00A0C91BC942}") = "1", "1\1.vcxproj", "{E500268C-2F45-4DA2-B292-479528A4D611}"
EndProject
Project("{8BC9CEB8-8B4A-11D0-8D11-00A0C91BC942}") = "2", "2\2.vcxproj", "{8CB04BAE-3075-40F5-862E-012C38178096}"
EndProject
Project("{8BC9CEB8-8B4A-11D0-8D11-00A0C91BC942}") = "3", "3\3.vcxproj", "{BAD600E1-6551-4FD1-BD8C-013C1C07B6F6}"
EndProject
Project("{8BC9CEB8-8B4A-11D0-8D11-00A0C91BC942}") = "4", "4\4.vcxproj", "{C40A6A9D-6EE8-41AF-9A6D-1843C78F1070}"
EndProject
Project("{8BC9CEB8-8B4A-11D0-8D11-00A0C91BC942}") = "5", "5\5.vcxproj", "{83EC70D3-B8D0-4DAA-AD54-F8B090F168CA}"
EndProject
Project("{8BC9CEB8-8B4A-11D0-8D11-00A0C91BC942}") = "6", "6\6.vcxproj", "{DDFD2BDD-A83D-471B-82A1-48F8257605D9}"
EndProject
Project("{8BC9CEB8-8B4A-11D0-8D11-00A0C91BC942}") = "7", "7\7.vcxproj", "{3F04F4BB-54CF-48E9-814E-F0EC2C164F40}"
EndProject
Project("{8BC9CEB8-8B4A-11D0-8D11-00A0C91BC942}") = "8", "8\8.vcxproj", "{71103F76-BA14-476D-9E34-B94C318CB930}"
EndProject
Project("{8BC9CEB8-8B4A-11D0-8D11-00A0C91BC942}") = "9", "9\9.vcxproj", "{656CA8B2-CC9E-41DC-93FB-8A25E3111C72}"
EndProject
Project("{8BC9CEB8-8B4A-11D0-8D11-00A0C91BC942}") = "10", "10\10.vcxproj", "{C4FBE203-3EF8-42CD-A24B-0CCB85AC3C17}"
EndProject
Project("{8BC9CEB8-8B4A-11D0-8D11-00A0C91BC942}") = "11", "11\11.vcxproj", "{3B17D966-4C49-4FC0-8B4D-863781DDC1C7}"
EndProject
Project("{8BC9CEB8-8B4A-11D0-8D11-00A0C91BC942}") = "12", "12\12.vcxproj", "{7BA25DE9-B00D-4416-BD9E-F2AE2C66BD12}"
EndProject
Project("{8BC9CEB8-8B4A-11D0-8D11-00A0C91BC942}") = "13", "13\13.vcxproj", "{24EAFC8B-1030-4BBA-ABE4-B17A50AD3942}"
EndProject
Project("{8BC9CEB8-8B4A-11D0-8D11-00A0C91BC942}") = "14", "14\14.vcxproj", "{D6C67BF3-0B68-49E2-8147-7B33AE7155F8}"
EndProject
Project("{8BC9CEB8-8B4A-11D0-8D11-00A0C91BC942}") = "15", "15\15.vcxproj", "{AA857EC4-B894-41C9-A38F-6E4085322416}"
EndProject
Project("{8BC9CEB8-8B4A-11D0-8D11-00A0C91BC942}") = "16", "16\16.vcxproj", "{4E49A31B-16DD-4476-9EFC-30AF2415B475}"
EndProject
Project("{8BC9CEB8-8B4A-11D0-8D11-00A0C91BC942}") = "17", "17\17.vcxproj", "{AC2ED016-58F5-4923-BB85-F110C6997595}"
EndProject
Global
	GlobalSection(SolutionConfigurationPlatforms) = preSolution
		Debug|x64 = Debug|x64
		Debug|x86 = Debug|x86
		Release|x64 = Release|x64
		Release|x86 = Release|x86
	EndGlobalSection
	GlobalSection(ProjectConfigurationPlatforms) = postSolution
		{E500268C-2F45-4DA2-B292-479528A4D611}.Debug|x64.ActiveCfg = Debug|x64
		{E500268C-2F45-4DA2-B292-479528A4D611}.Debug|x64.Build.0 = Debug|x64
		{E500268C-2F45-4DA2-B292-479528A4D611}.Debug|x86.ActiveCfg = Debug|Win32
		{E500268C-2F45-4DA2-B292-479528A4D611}.Debug|x86.Build.0 = Debug|Win32
		{E500268C-2F45-4DA2-B292-479528A4D611}.Release|x64.ActiveCfg = Release|x64
		{E500268C-2F45-4DA2-B292-479528A4D611}.Release|x64.Build.0 = Release|x64
		{E500268C-2F45-4DA2-B292-479528A4D611}.Release|x86.ActiveCfg = Release|Win32
		{E500268C-2F45-4DA2-B292-479528A4D611}.Release|x86.Build.0 = Release|Win32
		{8CB04BAE-3075-40F5-862E-012C38178096}.Debug|x64.ActiveCfg = Debug|x64
		{8CB04BAE-3075-40F5-862E-012C38178096}.Debug|x64.Build.0 = Debug|x64
		{8CB04BAE-3075-40F5-862E-012C38178096}.Debug|x86.ActiveCfg = Debug|Win32
		{8CB04BAE-3075-40F5-862E-012C38178096}.Debug|x86.Build.0 = Debug|Win32
		{8CB04BAE-3075-40F5-862E-012C38178096}.Release|x64.ActiveCfg = Release|x64
		{8CB04BAE-3075-40F5-862E-012C38178096}.Release|x64.Build.0 = Release|x64
		{8CB04BAE-3075-40F5-862E-012C38178096}.Release|x86.ActiveCfg = Release|Win32
		{8CB04BAE-3075-40F5-862E-012C38178096}.Release|x86.Build.0 = Release|Win32
		{BAD600E1-6551-4FD1-BD8C-013C1C07B6F6}.Debug|x64.ActiveCfg = Debug|x64
		{BAD600E1-6551-4FD1-BD8C-013C1C07B6F6}.Debug|x64.Build.0 = Debug|x64
		{BAD600E1-6551-4FD1-BD8C-013C1C07B6F6}.Debug|x86.ActiveCfg = Debug|Win32
		{BAD600E1-6551-4FD1-BD8C-013C1C07B6F6}.Debug|x86.Build.0 = Debug|Win32
		{BAD600E1-6551-4FD1-BD8C-013C1C07B6F6}.Release|x64.ActiveCfg = Release|x64
		{BAD600E1-6551-4FD1-BD8C-013C1C07B6F6}.Release|x64.Build.0 = Release|x64
		{BAD600E1-6551-4FD1-BD8C-013C1C07B6F6}.Release|x86.ActiveCfg = Release|Win32
		{BAD600E1-6551-4FD1-BD8C-013C1C07B6F6}.Release|x86.Build.0 = Release|Win32
		{C40A6A9D-6EE8-41AF-9A6D-1843C78F1070}.Debug|x64.ActiveCfg = Debug|x64
		{C40A6A9D-6EE8-41AF-9A6D-1843C78F1070}.Debug|x64.Build.0 = Debug|x64
		{C40A6A9D-6EE8-41AF-9A6D-1843C78F1070}.Debug|x86.ActiveCfg = Debug|Win32
		{C40A6A9D-6EE8-41AF-9A6D-1843C78F1070}.Debug|x86.Build.0 = Debug|Win32
		{C40A6A9D-6EE8-41AF-9A6D-1843C78F1070}.Release|x64.ActiveCfg = Release|x64
		{C40A6A9D-6EE8-41AF-9A6D-1843C78F1070}.Release|x64.Build.0 = Release|x64
		{C40A6A9D-6EE8-41AF-9A6D-1843C78F1070}.Release|x86.ActiveCfg = Release|Win32
		{C40A6A9D-6EE8-41AF-9A6D-1843C78F1070}.Release|x86.Build.0 = Release|Win32
		{83EC70D3-B8D0-4DAA-AD54-F8B090F168CA}.Debug|x64.ActiveCfg = Debug|x64
		{83EC70D3-B8D0-4DAA-AD54-F8B090F168CA}.Debug|x64.Build.0 = Debug|x64
		{83EC70D3-B8D0-4DAA-AD54-F8B090F168CA}.Debug|x86.ActiveCfg = Debug|Win32
		{83EC70D3-B8D0-4DAA-AD54-F8B090F168CA}.Debug|x86.Build.0 = Debug|Win32
		{83EC70D3-B8D0-4DAA-AD54-F8B090F168CA}.Release|x64.ActiveCfg = Release|x64
		{83EC70D3-B8D0-4DAA-AD54-F8B090F168CA}.Release|x64.Build.0 = Release|x64
		{83EC70D3-B8D0-4DAA-AD54-F8B090F168CA}.Release|x86.ActiveCfg = Release|Win32
		{83EC70D3-B8D0-4DAA-AD54-F8B090F168CA}.Release|x86.Build.0 = Release|Win32
		{DDFD2BDD-A83D-471B-82A1-48F8257605D9}.Debug|x64.ActiveCfg = Debug|x64
		{DDFD2BDD-A83D-471B-82A1-48F8257605D9}.Debug|x64.Build.0 = Debug|x64
		{DDFD2BDD-A83D-471B-82A1-48F8257605D9}.Debug|x86.ActiveCfg = Debug|Win32
		{DDFD2BDD-A83D-471B-82A1-48F8257605D9}.Debug|x86.Build.0 = Debug|Win32
		{DDFD2BDD-A83D-471B-82A1-48F8257605D9}.Release|x64.ActiveCfg = Release|x64
		{DDFD2BDD-A83D-471B-82A1-48F8257605D9}.Release|x64.Build.0 = Release|x64
		{DDFD2BDD-A83D-471B-82A1-48F8257605D9}.Release|x86.ActiveCfg = Release|Win32
		{DDFD2BDD-A83D-471B-82A1-48F8257605D9}.Release|x86.Build.0 = Release|Win32
		{3F04F4BB-54CF-48E9-814E-F0EC2C164F40}.Debug|x64.ActiveCfg = Debug|x64
		{3F04F4BB-54CF-48E9-814E-F0EC2C164F40}.Debug|x64.Build.0 = Debug|x64
		{3F04F4BB-54CF-48E9-814E-F0EC2C164F40}.Debug|x86.ActiveCfg = Debug|Win32
		{3F04F4BB-54CF-48E9-814E-F0EC2C164F40}.Debug|x86.Build.0 = Debug|Win32
		{3F04F4BB-54CF-48E9-814E-F0EC2C164F40}.Release|x64.ActiveCfg = Release|x64
		{3F04F4BB-54CF-48E9-814E-F0EC2C164F40}.Release|x64.Build.0 = Release|x64
		{3F04F4BB-54CF-48E9-814E-F0EC2C164F40}.Release|x86.ActiveCfg = Release|Win32
		{3F04F4BB-54CF-48E9-814E-F0EC2C164F40}.Release|x86.Build.0 = Release|Win32
		{71103F76-BA14-476D-9E34-B94C318CB930}.Debug|x64.ActiveCfg = Debug|x64
		{71103F76-BA14-476D-9E34-B94C318CB930}.Debug|x64.Build.0 = Debug|x64
		{71103F76-BA14-476D-9E34-B94C318CB930}.Debug|x86.ActiveCfg = Debug|Win32
		{71103F76-BA14-476D-9E34-B94C318CB930}.Debug|x86.Build.0 = Debug|Win32
		{71103F76-BA14-476D-9E34-B94C318CB930}.Release|x64.ActiveCfg = Release|x64
		{71103F76-BA14-476D-9E34-B94C318CB930}.Release|x64.Build.0 = Release|x64
		{71103F76-BA14-476D-9E34-B94C318CB930}.Release|x86.ActiveCfg = Release|Win32
		{71103F76-BA14-476D-9E34-B94C318CB930}.Release|x86.Build.0 = Release|Win32
		{656CA8B2-CC9E-41DC-93FB-8A25E3111C72}.Debug|x64.ActiveCfg = Debug|x64
		{656CA8B2-CC9E-41DC-93FB-8A25E3111C72}.Debug|x64.Build.0 = Debug|x64
		{656CA8B2-CC9E-41DC-93FB-8A25E3111C72}.Debug|x86.ActiveCfg = Debug|Win32
		{656CA8B2-CC9E-41DC-93FB-8A25E3111C72}.Debug|x86.Build.0 = Debug|Win32
		{656CA8B2-CC9E-41DC-93FB-8A25E3111C72}.Release|x64.ActiveCfg = Release|x64
		{656CA8B2-CC9E-41DC-93FB-8A25E3111C72}.Release|x64.Build.0 = Release|x64
		{656CA8B2-CC9E-41DC-93FB-8A25E3111C72}.Release|x86.ActiveCfg = Release|Win32
		{656CA8B2-CC9E-41DC-93FB-8A25E3111C72}.Release|x86.Build.0 = Release|Win32
		{C4FBE203-3EF8-42CD-A24B-0CCB85AC3C17}.Debug|x64.ActiveCfg = Debug|x64
		{C4FBE203-3EF8-42CD-A24B-0CCB85AC3C17}.Debug|x64.Build.0 = Debug|x64
		{C4FBE203-3EF8-42CD-A24B-0CCB85AC3C17}.Debug|x86.ActiveCfg = Debug|Win32
		{C4FBE203-3EF8-42CD-A24B-0CCB85AC3C17}.Debug|x86.Build.0 = Debug|Win32
		{C4FBE203-3EF8-42CD-A24B-0CCB85AC3C17}.Release|x64.ActiveCfg = Release|x64
		{C4FBE203-3EF8-42CD-A24B-0CCB85AC3C17}.Release|x64.Build.0 = Release|x64
		{C4FBE203-3EF8-42CD-A24B-0CCB85AC3C17}.Release|x86.ActiveCfg = Release|Win32
		{C4FBE203-3EF8-42CD-A24B-0CCB85AC3C17}.Release|x86.Build.0 = Release|Win32
		{3B17D966-4C49-4FC0-8B4D-863781DDC1C7}.Debug|x64.ActiveCfg = Debug|x64
		{3B17D966-4C49-4FC0-8B4D-863781DDC1C7}.Debug|x64.Build.0 = Debug|x64
		{3B17D966-4C49-4FC0-8B4D-863781DDC1C7}.Debug|x86.ActiveCfg = Debug|Win32
		{3B17D966-4C49-4FC0-8B4D-863781DDC1C7}.Debug|x86.Build.0 = Debug|Win32
		{3B17D966-4C49-4FC0-8B4D-863781DDC1C7}.Release|x64.ActiveCfg = Release|x64
		{3B17D966-4C49-4FC0-8B4D-863781DDC1C7}.Release|x64.Build.0 = Release|x64
		{3B17D966-4C49-4FC0-8B4D-863781DDC1C7}.Release|x86.ActiveCfg = Release|Win32
		{3B17D966-4C49-4FC0-8B4D-863781DDC1C7}.Release|x86.Build.0 = Release|Win32
		{7BA25DE9-B00D-4416-BD9E-F2AE2C66BD12}.Debug|x64.ActiveCfg = Debug|x64
		{7BA25DE9-B00D-4416-BD9E-F2AE2C66BD12}.Debug|x64.Build.0 = Debug|x64
		{7BA25DE9-B00D-4416-BD9E-F2AE2C66BD12}.Debug|x86.ActiveCfg = Debug|Win32
		{7BA25DE9-B00D-4416-BD9E-F2AE2C66BD12}.Debug|x86.Build.0 = Debug|Win32
		{7BA25DE9-B00D-4416-BD9E-F2AE2C66BD12}.Release|x64.ActiveCfg = Release|x64
		{7BA25DE9-B00D-4416-BD9E-F2AE2C66BD12}.Release|x64.Build.0 = Release|x64
		{7BA25DE9-B00D-4416-BD9E-F2AE2C66BD12}.Release|x86.ActiveCfg = Release|Win32
		{7BA25DE9-B00D-4416-BD9E-F2AE2C66BD12}.Release|x86.Build.0 = Release|Win32
		{24EAFC8B-1030-4BBA-ABE4-B17A50AD3942}.Debug|x64.ActiveCfg = Debug|x64
		{24EAFC8B-1030-4BBA-ABE4-B17A50AD3942}.Debug|x64.Build.0 = Debug|x64
		{24EAFC8B-1030-4BBA-ABE4-B17A50AD3942}.Debug|x86.ActiveCfg = Debug|Win32
		{24EAFC8B-1030-4BBA-ABE4-B17A50AD3942}.Debug|x86.Build.0 = Debug|Win32
		{24EAFC8B-1030-4BBA-ABE4-B17A50AD3942}.Release|x64.ActiveCfg = Release|x64
		{24EAFC8B-1030-4BBA-ABE4-B17A50AD3942}.Release|x64.Build.0 = Release|x64
		{24EAFC8B-1030-4BBA-ABE4-B17A50AD3942}.Release|x86.ActiveCfg = Release|Win32
		{24EAFC8B-1030-4BBA-ABE4-B17A50AD3942}.Release|x86.Build.0 = Release|Win32
		{D6C67BF3-0B68-49E2-8147-7B33AE7155F8}.Debug|x64.ActiveCfg = Debug|x64
		{D6C67BF3-0B68-49E2-8147-7B33AE7155F8}.Debug|x64.Build.0 = Debug|x64
		{D6C67BF3-0B68-49E2-8147-7B33AE7155F8}.Debug|x86.ActiveCfg = Debug|Win32
		{D6C67BF3-0B68-49E2-8147-7B33AE7155F8}.Debug|x86.Build.0 = Debug|Win32
		{D6C67BF3-0B68-49E2-8147-7B33AE7155F8}.Release|x64.ActiveCfg = Release|x64
		{D6C67BF3-0B68-49E2-8147-7B33AE7155F8}.Release|x64.Build.0 = Release|x64
		{D6C67BF3-0B68-49E2-8147-7B33AE7155F8}.Release|x86.ActiveCfg = Release|Win32
		{D6C67BF3-0B68-49E2-8147-7B33AE7155F8}.Release|x86.Build.0 = Release|Win32
		{AA857EC4-B894-41C9-A38F-6E4085322416}.Debug|x64.ActiveCfg = Debug|x64
		{AA857EC4-B894-41C9-A38F-6E4085322416}.Debug|x64.Build.0 = Debug|x64
		{AA857EC4-B894-41C9-A38F-6E4085322416}.Debug|x86.ActiveCfg = Debug|Win32
		{AA857EC4-B894-41C9-A38F-6E4085322416}.Debug|x86.Build.0 = Debug|Win32
		{AA857EC4-B894-41C9-A38F-6E4085322416}.Release|x64.ActiveCfg = Release|x64
		{AA857EC4-B894-41C9-A38F-6E4085322416}.Release|x64.Build.0 = Release|x64
		{AA857EC4-B894-41C9-A38F-6E4085322416}.Release|x86.ActiveCfg = Release|Win32
		{AA857EC4-B894-41C9-A38F-6E4085322416}.Release|x86.Build.0 = Release|Win32
		{4E49A31B-16DD-4476-9EFC-30AF2415B475}.Debug|x64.ActiveCfg = Debug|x64
		{4E49A31B-16DD-4476-9EFC-30AF2415B475}.Debug|x64.Build.0 = Debug|x64
		{4E49A31B-16DD-4476-9EFC-30AF2415B475}.Debug|x86.ActiveCfg = Debug|Win32
		{4E49A31B-16DD-4476-9EFC-30AF2415B475}.Debug|x86.Build.0 = Debug|Win32
		{4E49A31B-16DD-4476-9EFC-30AF2415B475}.Release|x64.ActiveCfg = Release|x64
		{4E49A31B-16DD-4476-9EFC-30AF2415B475}.Release|x64.Build.0 = Release|x64
		{4E49A31B-16DD-4476-9EFC-30AF2415B475}.Release|x86.ActiveCfg = Release|Win32
		{4E49A31B-16DD-4476-9EFC-30AF2415B475}.Release|x86.Build.0 = Release|Win32
		{AC2ED016-58F5-4923-BB85-F110C6997595}.Debug|x64.ActiveCfg = Debug|x64
		{AC2ED016-58F5-4923-BB85-F110C6997595}.Debug|x64.Build.0 = Debug|x64
		{AC2ED016-58F5-4923-BB85-F110C6997595}.Debug|x86.ActiveCfg = Debug|Win32
		{AC2ED016-58F5-4923-BB85-F110C6997595}.Debug|x86.Build.0 = Debug|Win32
		{AC2ED016-58F5-4923-BB85-F110C6997595}.Release|x64.ActiveCfg = Release|x64
		{AC2ED016-58F5-4923-BB85-F110C6997595}.Release|x64.Build.0 = Release|x64
		{AC2ED016-58F5-4923-BB85-F110C6997595}.Release|x86.ActiveCfg = Release|Win32
		{AC2ED016-58F5-4923-BB85-F110C6997595}.Release|x86.Build.0 = Release|Win32
	EndGlobalSection
	GlobalSection(SolutionProperties) = preSolution
		HideSolutionNode = FALSE
	EndGlobalSection
	GlobalSection(ExtensibilityGlobals) = postSolution
		SolutionGuid = {62E1A47F-0D67-4528-BD29-72422DE2A6CD}
	EndGlobalSection
EndGlobal
