
Microsoft Visual Studio Solution File, Format Version 12.00
# Visual Studio Version 17
VisualStudioVersion = 17.1.32210.238
MinimumVisualStudioVersion = 10.0.40219.1
Project("{888888A0-9F3D-457C-B088-3A5042F75D52}") = "lab6", "lab6.pyproj", "{D9E92773-5AA4-4D07-B6E3-61E80BEEF24D}"
EndProject
Global
	GlobalSection(SolutionConfigurationPlatforms) = preSolution
		Debug|Any CPU = Debug|Any CPU
		Release|Any CPU = Release|Any CPU
	EndGlobalSection
	GlobalSection(ProjectConfigurationPlatforms) = postSolution
		{D9E92773-5AA4-4D07-B6E3-61E80BEEF24D}.Debug|Any CPU.ActiveCfg = Debug|Any CPU
		{D9E92773-5AA4-4D07-B6E3-61E80BEEF24D}.Release|Any CPU.ActiveCfg = Release|Any CPU
	EndGlobalSection
	GlobalSection(SolutionProperties) = preSolution
		HideSolutionNode = FALSE
	EndGlobalSection
	GlobalSection(ExtensibilityGlobals) = postSolution
		SolutionGuid = {24334F1C-E5BE-4771-98D8-412A0D85BEE1}
	EndGlobalSection
EndGlobal
