
Microsoft Visual Studio Solution File, Format Version 12.00
# Visual Studio Version 16
VisualStudioVersion = 16.0.31624.102
MinimumVisualStudioVersion = 10.0.40219.1
Project("{8BC9CEB8-8B4A-11D0-8D11-00A0C91BC942}") = "1", "1\1.vcxproj", "{E84D4BC5-0479-4E10-8A65-A2A2FE3C96E3}"
EndProject
Project("{8BC9CEB8-8B4A-11D0-8D11-00A0C91BC942}") = "2", "2\2.vcxproj", "{B0289839-DD35-4978-9610-BA8925816DC6}"
EndProject
Project("{8BC9CEB8-8B4A-11D0-8D11-00A0C91BC942}") = "3", "3\3.vcxproj", "{4D65CB1A-F390-4C9E-8080-1E792B0790D9}"
EndProject
Project("{8BC9CEB8-8B4A-11D0-8D11-00A0C91BC942}") = "4", "4\4.vcxproj", "{99C7F15C-7AC5-44B2-A708-1A559896BE0E}"
EndProject
Project("{8BC9CEB8-8B4A-11D0-8D11-00A0C91BC942}") = "6", "6\6.vcxproj", "{1BAFF75D-EEE4-4B65-9B77-EB22BE78BF80}"
EndProject
Project("{8BC9CEB8-8B4A-11D0-8D11-00A0C91BC942}") = "5", "5\5.vcxproj", "{6B792ADE-B260-4B0E-B63D-42D1F0F4AEE2}"
EndProject
Project("{8BC9CEB8-8B4A-11D0-8D11-00A0C91BC942}") = "7", "7\7.vcxproj", "{890FA33E-A52D-4F11-804A-767C4F4C2CA0}"
EndProject
Project("{8BC9CEB8-8B4A-11D0-8D11-00A0C91BC942}") = "8", "8\8.vcxproj", "{75FF2125-6B4B-487B-83CC-6E5335BEE4AE}"
EndProject
Project("{8BC9CEB8-8B4A-11D0-8D11-00A0C91BC942}") = "9", "9\9.vcxproj", "{ECF4E742-929A-4C4C-AB87-51664FC52856}"
EndProject
Global
	GlobalSection(SolutionConfigurationPlatforms) = preSolution
		Debug|x64 = Debug|x64
		Debug|x86 = Debug|x86
		Release|x64 = Release|x64
		Release|x86 = Release|x86
	EndGlobalSection
	GlobalSection(ProjectConfigurationPlatforms) = postSolution
		{E84D4BC5-0479-4E10-8A65-A2A2FE3C96E3}.Debug|x64.ActiveCfg = Debug|x64
		{E84D4BC5-0479-4E10-8A65-A2A2FE3C96E3}.Debug|x64.Build.0 = Debug|x64
		{E84D4BC5-0479-4E10-8A65-A2A2FE3C96E3}.Debug|x86.ActiveCfg = Debug|Win32
		{E84D4BC5-0479-4E10-8A65-A2A2FE3C96E3}.Debug|x86.Build.0 = Debug|Win32
		{E84D4BC5-0479-4E10-8A65-A2A2FE3C96E3}.Release|x64.ActiveCfg = Release|x64
		{E84D4BC5-0479-4E10-8A65-A2A2FE3C96E3}.Release|x64.Build.0 = Release|x64
		{E84D4BC5-0479-4E10-8A65-A2A2FE3C96E3}.Release|x86.ActiveCfg = Release|Win32
		{E84D4BC5-0479-4E10-8A65-A2A2FE3C96E3}.Release|x86.Build.0 = Release|Win32
		{B0289839-DD35-4978-9610-BA8925816DC6}.Debug|x64.ActiveCfg = Debug|x64
		{B0289839-DD35-4978-9610-BA8925816DC6}.Debug|x64.Build.0 = Debug|x64
		{B0289839-DD35-4978-9610-BA8925816DC6}.Debug|x86.ActiveCfg = Debug|Win32
		{B0289839-DD35-4978-9610-BA8925816DC6}.Debug|x86.Build.0 = Debug|Win32
		{B0289839-DD35-4978-9610-BA8925816DC6}.Release|x64.ActiveCfg = Release|x64
		{B0289839-DD35-4978-9610-BA8925816DC6}.Release|x64.Build.0 = Release|x64
		{B0289839-DD35-4978-9610-BA8925816DC6}.Release|x86.ActiveCfg = Release|Win32
		{B0289839-DD35-4978-9610-BA8925816DC6}.Release|x86.Build.0 = Release|Win32
		{4D65CB1A-F390-4C9E-8080-1E792B0790D9}.Debug|x64.ActiveCfg = Debug|x64
		{4D65CB1A-F390-4C9E-8080-1E792B0790D9}.Debug|x64.Build.0 = Debug|x64
		{4D65CB1A-F390-4C9E-8080-1E792B0790D9}.Debug|x86.ActiveCfg = Debug|Win32
		{4D65CB1A-F390-4C9E-8080-1E792B0790D9}.Debug|x86.Build.0 = Debug|Win32
		{4D65CB1A-F390-4C9E-8080-1E792B0790D9}.Release|x64.ActiveCfg = Release|x64
		{4D65CB1A-F390-4C9E-8080-1E792B0790D9}.Release|x64.Build.0 = Release|x64
		{4D65CB1A-F390-4C9E-8080-1E792B0790D9}.Release|x86.ActiveCfg = Release|Win32
		{4D65CB1A-F390-4C9E-8080-1E792B0790D9}.Release|x86.Build.0 = Release|Win32
		{99C7F15C-7AC5-44B2-A708-1A559896BE0E}.Debug|x64.ActiveCfg = Debug|x64
		{99C7F15C-7AC5-44B2-A708-1A559896BE0E}.Debug|x64.Build.0 = Debug|x64
		{99C7F15C-7AC5-44B2-A708-1A559896BE0E}.Debug|x86.ActiveCfg = Debug|Win32
		{99C7F15C-7AC5-44B2-A708-1A559896BE0E}.Debug|x86.Build.0 = Debug|Win32
		{99C7F15C-7AC5-44B2-A708-1A559896BE0E}.Release|x64.ActiveCfg = Release|x64
		{99C7F15C-7AC5-44B2-A708-1A559896BE0E}.Release|x64.Build.0 = Release|x64
		{99C7F15C-7AC5-44B2-A708-1A559896BE0E}.Release|x86.ActiveCfg = Release|Win32
		{99C7F15C-7AC5-44B2-A708-1A559896BE0E}.Release|x86.Build.0 = Release|Win32
		{1BAFF75D-EEE4-4B65-9B77-EB22BE78BF80}.Debug|x64.ActiveCfg = Debug|x64
		{1BAFF75D-EEE4-4B65-9B77-EB22BE78BF80}.Debug|x64.Build.0 = Debug|x64
		{1BAFF75D-EEE4-4B65-9B77-EB22BE78BF80}.Debug|x86.ActiveCfg = Debug|Win32
		{1BAFF75D-EEE4-4B65-9B77-EB22BE78BF80}.Debug|x86.Build.0 = Debug|Win32
		{1BAFF75D-EEE4-4B65-9B77-EB22BE78BF80}.Release|x64.ActiveCfg = Release|x64
		{1BAFF75D-EEE4-4B65-9B77-EB22BE78BF80}.Release|x64.Build.0 = Release|x64
		{1BAFF75D-EEE4-4B65-9B77-EB22BE78BF80}.Release|x86.ActiveCfg = Release|Win32
		{1BAFF75D-EEE4-4B65-9B77-EB22BE78BF80}.Release|x86.Build.0 = Release|Win32
		{6B792ADE-B260-4B0E-B63D-42D1F0F4AEE2}.Debug|x64.ActiveCfg = Debug|x64
		{6B792ADE-B260-4B0E-B63D-42D1F0F4AEE2}.Debug|x64.Build.0 = Debug|x64
		{6B792ADE-B260-4B0E-B63D-42D1F0F4AEE2}.Debug|x86.ActiveCfg = Debug|Win32
		{6B792ADE-B260-4B0E-B63D-42D1F0F4AEE2}.Debug|x86.Build.0 = Debug|Win32
		{6B792ADE-B260-4B0E-B63D-42D1F0F4AEE2}.Release|x64.ActiveCfg = Release|x64
		{6B792ADE-B260-4B0E-B63D-42D1F0F4AEE2}.Release|x64.Build.0 = Release|x64
		{6B792ADE-B260-4B0E-B63D-42D1F0F4AEE2}.Release|x86.ActiveCfg = Release|Win32
		{6B792ADE-B260-4B0E-B63D-42D1F0F4AEE2}.Release|x86.Build.0 = Release|Win32
		{890FA33E-A52D-4F11-804A-767C4F4C2CA0}.Debug|x64.ActiveCfg = Debug|x64
		{890FA33E-A52D-4F11-804A-767C4F4C2CA0}.Debug|x64.Build.0 = Debug|x64
		{890FA33E-A52D-4F11-804A-767C4F4C2CA0}.Debug|x86.ActiveCfg = Debug|Win32
		{890FA33E-A52D-4F11-804A-767C4F4C2CA0}.Debug|x86.Build.0 = Debug|Win32
		{890FA33E-A52D-4F11-804A-767C4F4C2CA0}.Release|x64.ActiveCfg = Release|x64
		{890FA33E-A52D-4F11-804A-767C4F4C2CA0}.Release|x64.Build.0 = Release|x64
		{890FA33E-A52D-4F11-804A-767C4F4C2CA0}.Release|x86.ActiveCfg = Release|Win32
		{890FA33E-A52D-4F11-804A-767C4F4C2CA0}.Release|x86.Build.0 = Release|Win32
		{75FF2125-6B4B-487B-83CC-6E5335BEE4AE}.Debug|x64.ActiveCfg = Debug|x64
		{75FF2125-6B4B-487B-83CC-6E5335BEE4AE}.Debug|x64.Build.0 = Debug|x64
		{75FF2125-6B4B-487B-83CC-6E5335BEE4AE}.Debug|x86.ActiveCfg = Debug|Win32
		{75FF2125-6B4B-487B-83CC-6E5335BEE4AE}.Debug|x86.Build.0 = Debug|Win32
		{75FF2125-6B4B-487B-83CC-6E5335BEE4AE}.Release|x64.ActiveCfg = Release|x64
		{75FF2125-6B4B-487B-83CC-6E5335BEE4AE}.Release|x64.Build.0 = Release|x64
		{75FF2125-6B4B-487B-83CC-6E5335BEE4AE}.Release|x86.ActiveCfg = Release|Win32
		{75FF2125-6B4B-487B-83CC-6E5335BEE4AE}.Release|x86.Build.0 = Release|Win32
		{ECF4E742-929A-4C4C-AB87-51664FC52856}.Debug|x64.ActiveCfg = Debug|x64
		{ECF4E742-929A-4C4C-AB87-51664FC52856}.Debug|x64.Build.0 = Debug|x64
		{ECF4E742-929A-4C4C-AB87-51664FC52856}.Debug|x86.ActiveCfg = Debug|Win32
		{ECF4E742-929A-4C4C-AB87-51664FC52856}.Debug|x86.Build.0 = Debug|Win32
		{ECF4E742-929A-4C4C-AB87-51664FC52856}.Release|x64.ActiveCfg = Release|x64
		{ECF4E742-929A-4C4C-AB87-51664FC52856}.Release|x64.Build.0 = Release|x64
		{ECF4E742-929A-4C4C-AB87-51664FC52856}.Release|x86.ActiveCfg = Release|Win32
		{ECF4E742-929A-4C4C-AB87-51664FC52856}.Release|x86.Build.0 = Release|Win32
	EndGlobalSection
	GlobalSection(SolutionProperties) = preSolution
		HideSolutionNode = FALSE
	EndGlobalSection
	GlobalSection(ExtensibilityGlobals) = postSolution
		SolutionGuid = {40FA2F62-665C-4D3D-837A-037F628C7DD5}
	EndGlobalSection
EndGlobal
